// !$*UTF8*$!
{
	archiveVersion = 1;
	classes = {
	};
	objectVersion = 77;
	objects = {

/* Begin PBXBuildFile section */
		00642A7BF96D9EBE3A204BBC69A49F50 /* S1AssignVenueScreen.swift in Sources */ = {isa = PBXBuildFile; fileRef = 68A431D86C26E7CCFFAFAEBDE2F8E6B6 /* S1AssignVenueScreen.swift */; };
		04B892BBCD805012745FBFF470DFBB13 /* DataScannerView.swift in Sources */ = {isa = PBXBuildFile; fileRef = A2D0AB88090E92A2CB8804EC2E85E249 /* DataScannerView.swift */; };
		07A009F01ABD0758B278D89959D5AC7D /* Foundation.framework in Frameworks */ = {isa = PBXBuildFile; fileRef = F86CA7D54B733CF7B800EAEAA0F4B64D /* Foundation.framework */; };
		0A5752DE3BBBC75F521E058131CF30C1 /* ViewfinderModel.swift in Sources */ = {isa = PBXBuildFile; fileRef = 35F4B596EC9045066E33E73BF288178A /* ViewfinderModel.swift */; };
		0CE3CBAB984A446F3482BCEED4D1051F /* ARMeasureView.swift in Sources */ = {isa = PBXBuildFile; fileRef = 8AC4A4013218156A1C9423627CB79D3D /* ARMeasureView.swift */; };
		0E23E46D305A018810F3413CB0786DB3 /* LocationService.swift in Sources */ = {isa = PBXBuildFile; fileRef = 349E4D3B37C6FCB9CA8A678A4122D084 /* LocationService.swift */; };
		0F5ABA165740B335BA5103102AA953C6 /* ResilienceScreens.swift in Sources */ = {isa = PBXBuildFile; fileRef = 86FCBA9FBAFE1B03CB30E56BF913DE5D /* ResilienceScreens.swift */; };
		0F8297699EEDE44D287CF9D4E0718BB9 /* WelcomeScreen.swift in Sources */ = {isa = PBXBuildFile; fileRef = 80E80B0BB92EB33E7AE4DA565B037F71 /* WelcomeScreen.swift */; };
		1142C08260A7EF4BD139467148531B1E /* CaptureKit.framework in Frameworks */ = {isa = PBXBuildFile; fileRef = 1BF9154F04C75AC1AB7D88CD3EF38EAE /* CaptureKit.framework */; };
		117C501CEBFBF0F3CE9E0E80519A7547 /* ARKitMeasureService.swift in Sources */ = {isa = PBXBuildFile; fileRef = 4E34E57DBA0E98A47A4F5EFE57C975EB /* ARKitMeasureService.swift */; };
		151C685C35CECAD96F7E058B03667C6E /* TagOCRScanner.swift in Sources */ = {isa = PBXBuildFile; fileRef = 450EACEB8AF2BC0FEC2B757814EE2A1E /* TagOCRScanner.swift */; };
		156C55070B4FB817EFB5F24400C4194C /* AppContainer.swift in Sources */ = {isa = PBXBuildFile; fileRef = 24329B6F6DBAA8DB7FEBFBA2FD49DB11 /* AppContainer.swift */; };
		17DC20BDFBCDFEFF9AF3BA1984C21B7A /* ScreenRegistry.swift in Sources */ = {isa = PBXBuildFile; fileRef = DFB730DDD86F9EB45361406B5322253F /* ScreenRegistry.swift */; };
		186C3D6E1BB4B4BE63266A2BDC9A435C /* RouteSessionScreens.swift in Sources */ = {isa = PBXBuildFile; fileRef = 7D5E56B771F375424456321F58F8AB76 /* RouteSessionScreens.swift */; };
		1DBE52E6E0522DD2C872050B913F0897 /* RouteRegistry.swift in Sources */ = {isa = PBXBuildFile; fileRef = 0089EE7D3DEA2E2F82BD687FBA4E8310 /* RouteRegistry.swift */; };
		1E731F8D16AFF70E8B8224643B8D49F5 /* CaptureScreenID.swift in Sources */ = {isa = PBXBuildFile; fileRef = E4006B109A49160C141AFF44A705398A /* CaptureScreenID.swift */; };
		1EBFE7C448F1281A155372E38D794E4A /* LibrarySearchScreen.swift in Sources */ = {isa = PBXBuildFile; fileRef = 17F52EEC7B4457E336EA04DA817FB4F8 /* LibrarySearchScreen.swift */; };
		1F8970EEF9AF634B28A92A44567D9EB2 /* VisionTagOCRService.swift in Sources */ = {isa = PBXBuildFile; fileRef = 6BDCDA8925DAF9ADBB043A487429306F /* VisionTagOCRService.swift */; };
		215EF793D1D1F57665EA9FFAF6B08BFD /* CaptureKitMocks.framework in Frameworks */ = {isa = PBXBuildFile; fileRef = EA2A40D2A3D746FC60FD4643AAE2AF67 /* CaptureKitMocks.framework */; };
		229542EED7996473730BD53B98DB5E2F /* AVFoundationCameraService.swift in Sources */ = {isa = PBXBuildFile; fileRef = BE07868CFD161A4A2383570A0F485C09 /* AVFoundationCameraService.swift */; };
		232CADED1311CA5C7DD82A5C9F0E4CD2 /* Assets.xcassets in Resources */ = {isa = PBXBuildFile; fileRef = 8224C8D25E64BA978961A9E6D6F2D0D3 /* Assets.xcassets */; };
		238751DD33A7F47FBCEFABAE80EE5039 /* CaptureCoordinator.swift in Sources */ = {isa = PBXBuildFile; fileRef = 7FD1B76A39D7845C1D0F86C402AD6D00 /* CaptureCoordinator.swift */; };
		25BA2061242388992D9B7232E3F2E41D /* CaptureApp.swift in Sources */ = {isa = PBXBuildFile; fileRef = 400E088B5CAB07B61D227AFFE80FF89D /* CaptureApp.swift */; };
		27A64CAC66BFC8A03B713468881E5129 /* RootView.swift in Sources */ = {isa = PBXBuildFile; fileRef = 6C10D56F9C0B7CEC9580EA95D17B45D9 /* RootView.swift */; };
		29842F36F36106EDC7E4971CFDDA54E4 /* SmartGuessSheet.swift in Sources */ = {isa = PBXBuildFile; fileRef = AE36ABCBBB69C996D9DF15C254FAD702 /* SmartGuessSheet.swift */; };
		2C7EDD202CDBE64AD43D722931EE1A8E /* CaptureKitMocks.swift in Sources */ = {isa = PBXBuildFile; fileRef = 1E31CC50FA7DB6EEF612AA0C1769F37F /* CaptureKitMocks.swift */; };
		2DDB6E8E9CD4B3F3DD6841FE30B10C9F /* V3SpecimenDetailScreen.swift in Sources */ = {isa = PBXBuildFile; fileRef = 185544826EF66C45E1FAB2FE5AF08088 /* V3SpecimenDetailScreen.swift */; };
		2FB42FA33E5CD073CC3F93817490C7FC /* AccountScreen.swift in Sources */ = {isa = PBXBuildFile; fileRef = 42162E25885ED26CC5D052CDB3694672 /* AccountScreen.swift */; };
		365FF815EA3432C85836F932A95513E6 /* HankenGrotesk.ttf in Resources */ = {isa = PBXBuildFile; fileRef = 21EC22CDFA342E49D4AEAE08DB51D7D6 /* HankenGrotesk.ttf */; };
		369CD978A9A5B0FB877AD3E21C5A218B /* ViewfinderFramingGuides.swift in Sources */ = {isa = PBXBuildFile; fileRef = 7C22A3649194DE65E3E06B4A17E38F02 /* ViewfinderFramingGuides.swift */; };
		38C8B72E1A54D279C05A98A83DBB6795 /* CaptureLifecycle.swift in Sources */ = {isa = PBXBuildFile; fileRef = 5FA298E4FB6EE740B0C779BB94483DA7 /* CaptureLifecycle.swift */; };
		3ACB4D09DB3A8F335A8135BC9798D772 /* CaptureMediaPathTests.swift in Sources */ = {isa = PBXBuildFile; fileRef = 98A7A054537E63DCD5BFAD20F37E388D /* CaptureMediaPathTests.swift */; };
		47D505180AF6E6B2A66435446512B3B4 /* V2CullDeckScreen.swift in Sources */ = {isa = PBXBuildFile; fileRef = 74581B79984292ACAD850EE0D0A1171D /* V2CullDeckScreen.swift */; };
		48BFFAFD5933BEE24546194D619281E5 /* FieldCapturePayloadTests.swift in Sources */ = {isa = PBXBuildFile; fileRef = 50E24F35536EA178167EE5EFB5C779F7 /* FieldCapturePayloadTests.swift */; };
		498B8234457F00CFEE67727557995963 /* Foundation.framework in Frameworks */ = {isa = PBXBuildFile; fileRef = F86CA7D54B733CF7B800EAEAA0F4B64D /* Foundation.framework */; };
		4A5071E9A2F19EF25AB8ADBF29016DB6 /* OfflineQueueBanner.swift in Sources */ = {isa = PBXBuildFile; fileRef = EACBB1F8816A8E403EE314E927B37987 /* OfflineQueueBanner.swift */; };
		4FCF45759CBBF1FE0224FE949BEC95CC /* ViewfinderControls.swift in Sources */ = {isa = PBXBuildFile; fileRef = 28764495B4246DA2CFE7FB72E470F897 /* ViewfinderControls.swift */; };
		50F167A5C4DAB407A839CE330DC2B95F /* CaptureKit.framework in Frameworks */ = {isa = PBXBuildFile; fileRef = 1BF9154F04C75AC1AB7D88CD3EF38EAE /* CaptureKit.framework */; };
		574D4678C5ECC3209F0EBBCBBB88E06C /* CaptureCardOverlay.swift in Sources */ = {isa = PBXBuildFile; fileRef = EB7C10659AD58462C6DFB7D3E50BB9E3 /* CaptureCardOverlay.swift */; };
		59BB34EDB406B51F2D7DFF0FE349C29E /* RecognitionSupport.swift in Sources */ = {isa = PBXBuildFile; fileRef = A38E308C7AB89F82B40472DADE226508 /* RecognitionSupport.swift */; };
		5C5781C1197C70D775A9631783E29F7F /* CaptureMediaPath.swift in Sources */ = {isa = PBXBuildFile; fileRef = 7A9FFF976BA1B2677DAC7B7A588D43C2 /* CaptureMediaPath.swift */; };
		5CA0C963B20ABB32CE66E85C0E04498D /* IBMPlexMono-Regular.ttf in Resources */ = {isa = PBXBuildFile; fileRef = 7A85B8CA0F65F745AF0642355845DEC7 /* IBMPlexMono-Regular.ttf */; };
		5EEAA2EBF9B8DD032197C3CFA091F010 /* CaptureStore.swift in Sources */ = {isa = PBXBuildFile; fileRef = 28A68A2E0015516EBB7336DE65476499 /* CaptureStore.swift */; };
		5F15D189AE304D82314106B6F39F0CAA /* SystemSurfaceScreens.swift in Sources */ = {isa = PBXBuildFile; fileRef = 9ABF609BC7ED80E6E1FCAE8F44C60DDA /* SystemSurfaceScreens.swift */; };
		5F521F445A691D19FDB2CEEAA9CBD01D /* SupabaseCaptureGateway.swift in Sources */ = {isa = PBXBuildFile; fileRef = ADBFDAA326E952CEB286CCE4DE422F50 /* SupabaseCaptureGateway.swift */; };
		6890440B7EC22F0895137239BD5A57F2 /* CaptureSyncService.swift in Sources */ = {isa = PBXBuildFile; fileRef = 5971940D5027369FD93BC61DA8FAAE12 /* CaptureSyncService.swift */; };
		68921EB779A9686DFE23EFD26B30B3A3 /* S4SavedTerminalScreen.swift in Sources */ = {isa = PBXBuildFile; fileRef = 0B8F358E4ECF8707B994D2159450EE4A /* S4SavedTerminalScreen.swift */; };
		68967B756AE7A8B5EB66AA4FB6596B6D /* CaptureHaptics.swift in Sources */ = {isa = PBXBuildFile; fileRef = B182F7C50B1627FBA5E192E445E20821 /* CaptureHaptics.swift */; };
		69A8B78A0563257AA1CE3A648363563F /* SessionProviding.swift in Sources */ = {isa = PBXBuildFile; fileRef = A4797EEF482E4E193B4CC00F392F085D /* SessionProviding.swift */; };
		6FE82642307E37E134B966B6FB253FFF /* DataScannerCodeService.swift in Sources */ = {isa = PBXBuildFile; fileRef = 70880500A871F0E47A94F2094E75A71D /* DataScannerCodeService.swift */; };
		7057E4D58F2B34383DE30A633FE8F359 /* CaptureNavigation.swift in Sources */ = {isa = PBXBuildFile; fileRef = D7B6187692B764C3F66B0ED45585FE9B /* CaptureNavigation.swift */; };
		7B8EB68025AF3753C080E227555917AD /* S2CreateProjectScreen.swift in Sources */ = {isa = PBXBuildFile; fileRef = F1A4DB6AAB5CCE1E94B17EAF09DEF8F9 /* S2CreateProjectScreen.swift */; };
		7ED741C80AA09F8D5C57556276FA6EBE /* SettingsScreen.swift in Sources */ = {isa = PBXBuildFile; fileRef = 30E16055496AE588FC400D75E8B3BBFD /* SettingsScreen.swift */; };
		7F72175EEC5A46A72D27C4B5055F9FAA /* S3DestinationScreen.swift in Sources */ = {isa = PBXBuildFile; fileRef = 47F07E920AF9595C8AE762524EA564EC /* S3DestinationScreen.swift */; };
		81980235A0ED2D83818BF0556B6D5095 /* CameraService.swift in Sources */ = {isa = PBXBuildFile; fileRef = 27119ABCC4D570F99E8BFF77C57A1511 /* CameraService.swift */; };
		81D3678024314E820F4DAEBD68D090D4 /* CaptureEnums.swift in Sources */ = {isa = PBXBuildFile; fileRef = B33CA7864CC0C751498FF0BD32D44F41 /* CaptureEnums.swift */; };
		877C107B77C18E3B655D5ADC720F5BA9 /* Foundation.framework in Frameworks */ = {isa = PBXBuildFile; fileRef = F86CA7D54B733CF7B800EAEAA0F4B64D /* Foundation.framework */; };
		8948A3060139913F83D8BB128692F680 /* ConnectWorkspaceScreen.swift in Sources */ = {isa = PBXBuildFile; fileRef = 8E16F772A47F95A45EE2ACEA41458191 /* ConnectWorkspaceScreen.swift */; };
		8A25262DF2155A2819699D868A368CDD /* CaptureType.swift in Sources */ = {isa = PBXBuildFile; fileRef = 1AE4156263DFF8AF116BD3DFE7C1F1CE /* CaptureType.swift */; };
		8B007A1276AB2F858B7EB8038C8ED405 /* LowLightTorchOverlay.swift in Sources */ = {isa = PBXBuildFile; fileRef = B5045866B81A8DF1A5ED08A11B6F50F8 /* LowLightTorchOverlay.swift */; };
		8D3753A344DFAE1F23A8133E8248E9AB /* VoiceNoteSheet.swift in Sources */ = {isa = PBXBuildFile; fileRef = 33A9D6EA0020E92FA8CCBE1ACE222393 /* VoiceNoteSheet.swift */; };
		93C1CC15293B706949E789665F1B0302 /* OnboardingSupport.swift in Sources */ = {isa = PBXBuildFile; fileRef = 12B105581A050FBDA52E94EB7C77A1E1 /* OnboardingSupport.swift */; };
		94461B2EDE1EE63C79A37486A91628E3 /* Foundation.framework in Frameworks */ = {isa = PBXBuildFile; fileRef = F86CA7D54B733CF7B800EAEAA0F4B64D /* Foundation.framework */; };
		97B94BAF8971C6F45BB1631D6947033F /* Color+Hex.swift in Sources */ = {isa = PBXBuildFile; fileRef = 7DFB54C1ECCCE4475EB419762C3F7CA0 /* Color+Hex.swift */; };
		97E6FB2F060C8096AB9E695821B22412 /* SupabaseSessionService.swift in Sources */ = {isa = PBXBuildFile; fileRef = 737CE66C3ABD938AD0620AC2CA3C9C7B /* SupabaseSessionService.swift */; };
		9888EDBA60494D1E6CF4F4F22BAD9368 /* CaptureKit.framework in Embed Frameworks */ = {isa = PBXBuildFile; fileRef = 1BF9154F04C75AC1AB7D88CD3EF38EAE /* CaptureKit.framework */; settings = {ATTRIBUTES = (CodeSignOnCopy, RemoveHeadersOnCopy, ); }; };
		99DA95BBD1A8AE5DAC56E22FCADBD497 /* ReadyScreen.swift in Sources */ = {isa = PBXBuildFile; fileRef = 3DE1BC0EC68860722F72976824D63AE6 /* ReadyScreen.swift */; };
		9AAD7ED34DF64F5552F70DDE343DD821 /* VenueStamp.swift in Sources */ = {isa = PBXBuildFile; fileRef = F73781743C5AC32BE0E21361405FCE3A /* VenueStamp.swift */; };
		9AE68C5EE10BF9F5CB37AC781725CB1A /* Specimen+Accessors.swift in Sources */ = {isa = PBXBuildFile; fileRef = AF9EC92D6824CA767985CA98E3420674 /* Specimen+Accessors.swift */; };
		9E8B59A8DC19945141331AF74E3F80BF /* SpecimenFieldRow.swift in Sources */ = {isa = PBXBuildFile; fileRef = B8DF027B4E1D5B5E159F4150F6A81EB2 /* SpecimenFieldRow.swift */; };
		A02DE0B7CE28F4394040FD5405786266 /* S5InboxTerminalScreen.swift in Sources */ = {isa = PBXBuildFile; fileRef = D18FEE76DAF40F920F1EF490AF2E7333 /* S5InboxTerminalScreen.swift */; };
		A7E582CFF5BC07ABCA299A60617791C0 /* ViewfinderPlaceholder.swift in Sources */ = {isa = PBXBuildFile; fileRef = 88904254954F22A44A3CFD3AC51F4755 /* ViewfinderPlaceholder.swift */; };
		A7EE412A56FC181171652CE5621AC9D3 /* Specimen.swift in Sources */ = {isa = PBXBuildFile; fileRef = E620F38D848F4C89B25FC71EAA1C9D76 /* Specimen.swift */; };
		ACE3D7EE6AA0C6F36D8FB57EC6354D7C /* CaptureKit.framework in Frameworks */ = {isa = PBXBuildFile; fileRef = 1BF9154F04C75AC1AB7D88CD3EF38EAE /* CaptureKit.framework */; };
		AD469EA3554345C118298A59922D25E9 /* AppConfiguration.swift in Sources */ = {isa = PBXBuildFile; fileRef = 7579800C9CDB9555810CEB57F7986441 /* AppConfiguration.swift */; };
		AF63CE2AE3CF282BD6CCC4E2500BBCF7 /* TagOCRSheet.swift in Sources */ = {isa = PBXBuildFile; fileRef = 6B97BBA8F34190FF771158B7586813BD /* TagOCRSheet.swift */; };
		B0F503FB6EF432620E34F2128ECC0543 /* PostHog in Frameworks */ = {isa = PBXBuildFile; productRef = 05F3D42A893CE8FC83E984948212D554 /* PostHog */; };
		B1AE59FB0138D73A5CAB85C28A1C4FB2 /* SupabaseWorkspaceAuthorizer.swift in Sources */ = {isa = PBXBuildFile; fileRef = CF73425C5158C7899B1FB7B803FA5A9C /* SupabaseWorkspaceAuthorizer.swift */; };
		B360CE1CFF474FE2D337E8EC7F28E5D8 /* CameraPrimingScreen.swift in Sources */ = {isa = PBXBuildFile; fileRef = 63E63DCCCC670097E36202690A80B8B6 /* CameraPrimingScreen.swift */; };
		B8E5544A4A6C87E10B8A8FC70779386C /* Secrets.swift in Sources */ = {isa = PBXBuildFile; fileRef = A0147AFB41368DFCD24D002B3B27CEDC /* Secrets.swift */; };
		B92E3BAE45838AB20AF3F8BFDA7A40C4 /* RecognitionServices.swift in Sources */ = {isa = PBXBuildFile; fileRef = EB70D2FA33D257C08AC723744E301D14 /* RecognitionServices.swift */; };
		BB73EF74A1352F54A5ECA9D1C97F6F34 /* MeasureSheet.swift in Sources */ = {isa = PBXBuildFile; fileRef = FDFCDF8CDC65A234CE0062564FAB4BA7 /* MeasureSheet.swift */; };
		C0C12DE1A67167CDCFFEC1444607C290 /* CaptureDeepLink.swift in Sources */ = {isa = PBXBuildFile; fileRef = 765B7F3493556DB916968B459F3C86F5 /* CaptureDeepLink.swift */; };
		C1AC3CAC8A4FB1F5B795DA6451E8186C /* HeuristicSmartGuessService.swift in Sources */ = {isa = PBXBuildFile; fileRef = 4C39683EC9C221C9F0507FBE297624C0 /* HeuristicSmartGuessService.swift */; };
		C386E17F7D36152002A0FEF192E93EDA /* RouteSessionUI.swift in Sources */ = {isa = PBXBuildFile; fileRef = A4BBF4B193A3937C5A381AE6B3A88AE6 /* RouteSessionUI.swift */; };
		C476B20FDB25B7776E7D58C62959DAAB /* SyncStatusScreen.swift in Sources */ = {isa = PBXBuildFile; fileRef = 72A241086E139796DE978B7C83C60500 /* SyncStatusScreen.swift */; };
		C49B2104EDBF52D7EAA9A2A6B3B729BE /* LocalCaptureSyncService.swift in Sources */ = {isa = PBXBuildFile; fileRef = C3DDDEF3FF08EE275E3D74A01890C52D /* LocalCaptureSyncService.swift */; };
		C83C7F21483230BF360C00570E53DA20 /* Supabase in Frameworks */ = {isa = PBXBuildFile; productRef = D177F4EB9D77089492B1F42CA79589B5 /* Supabase */; };
		CDC4F26588BCD255FA08CAED77211628 /* CaptureLifecycleTests.swift in Sources */ = {isa = PBXBuildFile; fileRef = 2CDC08558E448499B3331A57E87A134C /* CaptureLifecycleTests.swift */; };
		CF723B4BDA88BFFBB054261B78FE4743 /* Fraunces.ttf in Resources */ = {isa = PBXBuildFile; fileRef = E55DEB38E97A336021537F6143E1362A /* Fraunces.ttf */; };
		CFAA848211E177697B2627AF15D9EE2E /* CoreLocationService.swift in Sources */ = {isa = PBXBuildFile; fileRef = 246951FAB20F82D18B6239D76EB2191C /* CoreLocationService.swift */; };
		D4516819AE949BA80FBC695B0928CF01 /* CaptureAnalytics.swift in Sources */ = {isa = PBXBuildFile; fileRef = 7BAE47BBBEDE00CC5CCC4FC39C60E303 /* CaptureAnalytics.swift */; };
		D642C1193F0CB9554BA3E7CFD3CD3630 /* SpeechVoiceNoteService.swift in Sources */ = {isa = PBXBuildFile; fileRef = B740ED3D404AB5FCEC3EE49C8B21ACD5 /* SpeechVoiceNoteService.swift */; };
		D84B721A149BB159098294494A450ECA /* SpecimenSheetScreen.swift in Sources */ = {isa = PBXBuildFile; fileRef = D6A5CF723FF880BA86D8B9B82C04467F /* SpecimenSheetScreen.swift */; };
		DDED2A249DAE2FD6CA6ADB4618BF444A /* IBMPlexMono-Medium.ttf in Resources */ = {isa = PBXBuildFile; fileRef = 4BB275274425AA7D7C2DC3EAC4F250CA /* IBMPlexMono-Medium.ttf */; };
		E028736781B3DF41EF28A6AE81A0F24F /* ViewfinderScreen.swift in Sources */ = {isa = PBXBuildFile; fileRef = D67345F63ABD14FA55108821782243E1 /* ViewfinderScreen.swift */; };
		E51449DFF3FDDE81BAA7F7299185A491 /* CaptureLiveActivityController.swift in Sources */ = {isa = PBXBuildFile; fileRef = 7D5F468E016AB71B76EDF5FD3D573397 /* CaptureLiveActivityController.swift */; };
		E51EB7EDF9D96A3B830365F40DF55A18 /* CaptureCoreScreens.swift in Sources */ = {isa = PBXBuildFile; fileRef = BB276AE8A773CA096D814245D9BFD81C /* CaptureCoreScreens.swift */; };
		E6A9AD4C5D46607F317053DDBBB15BA8 /* PostHogCaptureAnalytics.swift in Sources */ = {isa = PBXBuildFile; fileRef = 5579C3110E89ED1161149B1382F3C60F /* PostHogCaptureAnalytics.swift */; };
		E7A30BA3E64A68B6E03EF18773CA19E7 /* V1SessionTrayScreen.swift in Sources */ = {isa = PBXBuildFile; fileRef = B13E363FA4393030C3F00773D004EC40 /* V1SessionTrayScreen.swift */; };
		EA515E413E4BFBB9200C889C3705902E /* SupabaseProjectCreator.swift in Sources */ = {isa = PBXBuildFile; fileRef = 9AA412CC7550E99D4CD2A52B86ADF924 /* SupabaseProjectCreator.swift */; };
		EAAD85AEDFE48EA5B8825A931BC256D2 /* CodeScanSheet.swift in Sources */ = {isa = PBXBuildFile; fileRef = DB6626C2DB83D4756B0A36AF3D9B12C7 /* CodeScanSheet.swift */; };
		EC74A134B015E0C0D17FB9906C48C9A2 /* ProvenanceBadge.swift in Sources */ = {isa = PBXBuildFile; fileRef = 9B2E7BFA2D53897F0F1C906FE1A8FF90 /* ProvenanceBadge.swift */; };
		EDEDD0A2E918CB2A51CBBDE3111C3E07 /* CaptureSyncAttributes.swift in Sources */ = {isa = PBXBuildFile; fileRef = 7D0CC19613A15E9DDB61EEB089C0A001 /* CaptureSyncAttributes.swift */; };
		EFCCDB71BC367AD985A8AA00717C0654 /* CaptureColor.swift in Sources */ = {isa = PBXBuildFile; fileRef = 3CE7872AD48360C44678489362C34C63 /* CaptureColor.swift */; };
		F02D4BAE608E097BD33AABED7B0AE549 /* OnboardingFlowView.swift in Sources */ = {isa = PBXBuildFile; fileRef = AAAA89FE56FCC2019E73D5AF84C89DD4 /* OnboardingFlowView.swift */; };
		F2D386C5900B7E522EB76390381AB901 /* CaptureKitMocks.framework in Embed Frameworks */ = {isa = PBXBuildFile; fileRef = EA2A40D2A3D746FC60FD4643AAE2AF67 /* CaptureKitMocks.framework */; settings = {ATTRIBUTES = (CodeSignOnCopy, RemoveHeadersOnCopy, ); }; };
		F2FE82854A63205ADD6D30F1389A9CB3 /* FieldCapturePayload.swift in Sources */ = {isa = PBXBuildFile; fileRef = 962CCF3749A245C5A7257788ABD05988 /* FieldCapturePayload.swift */; };
		F4C4BB58F7AAFE76DABCDAA2774FD8CE /* CaptureFonts.swift in Sources */ = {isa = PBXBuildFile; fileRef = 6A672A3B9B901BD58AA1CDE77F32E08C /* CaptureFonts.swift */; };
		FB3C530A74D3914DE5C559E89CF35B66 /* RecognitionScreens.swift in Sources */ = {isa = PBXBuildFile; fileRef = 21B2A6E9C1FE446BD7EAE9A10110C0DD /* RecognitionScreens.swift */; };
		FF2B1A631F998295EA5150E71970956F /* SupabaseClientProvider.swift in Sources */ = {isa = PBXBuildFile; fileRef = 13A906A5D5F83AFA5AFB33F422641693 /* SupabaseClientProvider.swift */; };
/* End PBXBuildFile section */

/* Begin PBXContainerItemProxy section */
		4694E598F47CB1B4974E8EE1B4DC9DD1 /* PBXContainerItemProxy */ = {
			isa = PBXContainerItemProxy;
			containerPortal = 6823E0650B8CD379EEA61A2DF523EE81 /* Project object */;
			proxyType = 1;
			remoteGlobalIDString = 45AF271E0E9ADBC3B8F3769E0F2FC243;
			remoteInfo = CaptureKit;
		};
		7A387150DFCF38167BE0716158FE9C64 /* PBXContainerItemProxy */ = {
			isa = PBXContainerItemProxy;
			containerPortal = 6823E0650B8CD379EEA61A2DF523EE81 /* Project object */;
			proxyType = 1;
			remoteGlobalIDString = 45AF271E0E9ADBC3B8F3769E0F2FC243;
			remoteInfo = CaptureKit;
		};
		939860FC760E1B27A97656DB3FCEA8DC /* PBXContainerItemProxy */ = {
			isa = PBXContainerItemProxy;
			containerPortal = 6823E0650B8CD379EEA61A2DF523EE81 /* Project object */;
			proxyType = 1;
			remoteGlobalIDString = 45AF271E0E9ADBC3B8F3769E0F2FC243;
			remoteInfo = CaptureKit;
		};
		AC0008566E5ABA5872C43C1BCEE4D172 /* PBXContainerItemProxy */ = {
			isa = PBXContainerItemProxy;
			containerPortal = 6823E0650B8CD379EEA61A2DF523EE81 /* Project object */;
			proxyType = 1;
			remoteGlobalIDString = F5BABAF9E4B8A3D156683F7B9DB52A07;
			remoteInfo = CaptureKitMocks;
		};
/* End PBXContainerItemProxy section */

/* Begin PBXCopyFilesBuildPhase section */
		1253891BD8C90EECC012CDF5731845E6 /* Embed Frameworks */ = {
			isa = PBXCopyFilesBuildPhase;
			buildActionMask = 2147483647;
			dstPath = "";
			dstSubfolderSpec = 10;
			files = (
				9888EDBA60494D1E6CF4F4F22BAD9368 /* CaptureKit.framework in Embed Frameworks */,
				F2D386C5900B7E522EB76390381AB901 /* CaptureKitMocks.framework in Embed Frameworks */,
			);
			name = "Embed Frameworks";
			runOnlyForDeploymentPostprocessing = 0;
		};
/* End PBXCopyFilesBuildPhase section */

/* Begin PBXFileReference section */
		0089EE7D3DEA2E2F82BD687FBA4E8310 /* RouteRegistry.swift */ = {isa = PBXFileReference; includeInIndex = 1; lastKnownFileType = sourcecode.swift; name = RouteRegistry.swift; path = Navigation/RouteRegistry.swift; sourceTree = "<group>"; };
		0B8F358E4ECF8707B994D2159450EE4A /* S4SavedTerminalScreen.swift */ = {isa = PBXFileReference; includeInIndex = 1; lastKnownFileType = sourcecode.swift; name = S4SavedTerminalScreen.swift; path = Features/Route/S4SavedTerminalScreen.swift; sourceTree = "<group>"; };
		12B105581A050FBDA52E94EB7C77A1E1 /* OnboardingSupport.swift */ = {isa = PBXFileReference; includeInIndex = 1; lastKnownFileType = sourcecode.swift; name = OnboardingSupport.swift; path = Features/Onboarding/OnboardingSupport.swift; sourceTree = "<group>"; };
		13A906A5D5F83AFA5AFB33F422641693 /* SupabaseClientProvider.swift */ = {isa = PBXFileReference; includeInIndex = 1; lastKnownFileType = sourcecode.swift; name = SupabaseClientProvider.swift; path = Services/Supabase/SupabaseClientProvider.swift; sourceTree = "<group>"; };
		17F52EEC7B4457E336EA04DA817FB4F8 /* LibrarySearchScreen.swift */ = {isa = PBXFileReference; includeInIndex = 1; lastKnownFileType = sourcecode.swift; name = LibrarySearchScreen.swift; path = Features/Library/LibrarySearchScreen.swift; sourceTree = "<group>"; };
		185544826EF66C45E1FAB2FE5AF08088 /* V3SpecimenDetailScreen.swift */ = {isa = PBXFileReference; includeInIndex = 1; lastKnownFileType = sourcecode.swift; name = V3SpecimenDetailScreen.swift; path = Features/Session/V3SpecimenDetailScreen.swift; sourceTree = "<group>"; };
		1AE4156263DFF8AF116BD3DFE7C1F1CE /* CaptureType.swift */ = {isa = PBXFileReference; includeInIndex = 1; lastKnownFileType = sourcecode.swift; name = CaptureType.swift; path = Design/CaptureType.swift; sourceTree = "<group>"; };
		1BF9154F04C75AC1AB7D88CD3EF38EAE /* CaptureKit.framework */ = {isa = PBXFileReference; explicitFileType = wrapper.framework; includeInIndex = 0; path = CaptureKit.framework; sourceTree = BUILT_PRODUCTS_DIR; };
		1E31CC50FA7DB6EEF612AA0C1769F37F /* CaptureKitMocks.swift */ = {isa = PBXFileReference; includeInIndex = 1; lastKnownFileType = sourcecode.swift; path = CaptureKitMocks.swift; sourceTree = "<group>"; };
		21B2A6E9C1FE446BD7EAE9A10110C0DD /* RecognitionScreens.swift */ = {isa = PBXFileReference; includeInIndex = 1; lastKnownFileType = sourcecode.swift; name = RecognitionScreens.swift; path = Features/Recognition/RecognitionScreens.swift; sourceTree = "<group>"; };
		21EC22CDFA342E49D4AEAE08DB51D7D6 /* HankenGrotesk.ttf */ = {isa = PBXFileReference; includeInIndex = 1; name = HankenGrotesk.ttf; path = CaptureKit/CaptureKit/Resources/Fonts/HankenGrotesk.ttf; sourceTree = "<group>"; };
		24329B6F6DBAA8DB7FEBFBA2FD49DB11 /* AppContainer.swift */ = {isa = PBXFileReference; includeInIndex = 1; lastKnownFileType = sourcecode.swift; name = AppContainer.swift; path = App/Composition/AppContainer.swift; sourceTree = "<group>"; };
		246951FAB20F82D18B6239D76EB2191C /* CoreLocationService.swift */ = {isa = PBXFileReference; includeInIndex = 1; lastKnownFileType = sourcecode.swift; name = CoreLocationService.swift; path = Services/Location/CoreLocationService.swift; sourceTree = "<group>"; };
		27119ABCC4D570F99E8BFF77C57A1511 /* CameraService.swift */ = {isa = PBXFileReference; includeInIndex = 1; lastKnownFileType = sourcecode.swift; name = CameraService.swift; path = Capture/CameraService.swift; sourceTree = "<group>"; };
		28764495B4246DA2CFE7FB72E470F897 /* ViewfinderControls.swift */ = {isa = PBXFileReference; includeInIndex = 1; lastKnownFileType = sourcecode.swift; name = ViewfinderControls.swift; path = Features/Capture/ViewfinderControls.swift; sourceTree = "<group>"; };
		28A68A2E0015516EBB7336DE65476499 /* CaptureStore.swift */ = {isa = PBXFileReference; includeInIndex = 1; lastKnownFileType = sourcecode.swift; name = CaptureStore.swift; path = Persistence/CaptureStore.swift; sourceTree = "<group>"; };
		2CDC08558E448499B3331A57E87A134C /* CaptureLifecycleTests.swift */ = {isa = PBXFileReference; includeInIndex = 1; lastKnownFileType = sourcecode.swift; path = CaptureLifecycleTests.swift; sourceTree = "<group>"; };
		30E16055496AE588FC400D75E8B3BBFD /* SettingsScreen.swift */ = {isa = PBXFileReference; includeInIndex = 1; lastKnownFileType = sourcecode.swift; name = SettingsScreen.swift; path = Features/Settings/SettingsScreen.swift; sourceTree = "<group>"; };
		33A9D6EA0020E92FA8CCBE1ACE222393 /* VoiceNoteSheet.swift */ = {isa = PBXFileReference; includeInIndex = 1; lastKnownFileType = sourcecode.swift; name = VoiceNoteSheet.swift; path = Features/Recognition/Voice/VoiceNoteSheet.swift; sourceTree = "<group>"; };
		349E4D3B37C6FCB9CA8A678A4122D084 /* LocationService.swift */ = {isa = PBXFileReference; includeInIndex = 1; lastKnownFileType = sourcecode.swift; name = LocationService.swift; path = Location/LocationService.swift; sourceTree = "<group>"; };
		35F4B596EC9045066E33E73BF288178A /* ViewfinderModel.swift */ = {isa = PBXFileReference; includeInIndex = 1; lastKnownFileType = sourcecode.swift; name = ViewfinderModel.swift; path = Features/Capture/ViewfinderModel.swift; sourceTree = "<group>"; };
		3CE7872AD48360C44678489362C34C63 /* CaptureColor.swift */ = {isa = PBXFileReference; includeInIndex = 1; lastKnownFileType = sourcecode.swift; name = CaptureColor.swift; path = Design/CaptureColor.swift; sourceTree = "<group>"; };
		3DE1BC0EC68860722F72976824D63AE6 /* ReadyScreen.swift */ = {isa = PBXFileReference; includeInIndex = 1; lastKnownFileType = sourcecode.swift; name = ReadyScreen.swift; path = Features/Onboarding/ReadyScreen.swift; sourceTree = "<group>"; };
		400E088B5CAB07B61D227AFFE80FF89D /* CaptureApp.swift */ = {isa = PBXFileReference; includeInIndex = 1; lastKnownFileType = sourcecode.swift; name = CaptureApp.swift; path = App/CaptureApp.swift; sourceTree = "<group>"; };
		42162E25885ED26CC5D052CDB3694672 /* AccountScreen.swift */ = {isa = PBXFileReference; includeInIndex = 1; lastKnownFileType = sourcecode.swift; name = AccountScreen.swift; path = Features/Account/AccountScreen.swift; sourceTree = "<group>"; };
		450EACEB8AF2BC0FEC2B757814EE2A1E /* TagOCRScanner.swift */ = {isa = PBXFileReference; includeInIndex = 1; lastKnownFileType = sourcecode.swift; name = TagOCRScanner.swift; path = Features/Recognition/Tag/TagOCRScanner.swift; sourceTree = "<group>"; };
		47F07E920AF9595C8AE762524EA564EC /* S3DestinationScreen.swift */ = {isa = PBXFileReference; includeInIndex = 1; lastKnownFileType = sourcecode.swift; name = S3DestinationScreen.swift; path = Features/Route/S3DestinationScreen.swift; sourceTree = "<group>"; };
		4BB275274425AA7D7C2DC3EAC4F250CA /* IBMPlexMono-Medium.ttf */ = {isa = PBXFileReference; includeInIndex = 1; name = "IBMPlexMono-Medium.ttf"; path = "CaptureKit/CaptureKit/Resources/Fonts/IBMPlexMono-Medium.ttf"; sourceTree = "<group>"; };
		4C39683EC9C221C9F0507FBE297624C0 /* HeuristicSmartGuessService.swift */ = {isa = PBXFileReference; includeInIndex = 1; lastKnownFileType = sourcecode.swift; name = HeuristicSmartGuessService.swift; path = Services/Recognition/HeuristicSmartGuessService.swift; sourceTree = "<group>"; };
		4E34E57DBA0E98A47A4F5EFE57C975EB /* ARKitMeasureService.swift */ = {isa = PBXFileReference; includeInIndex = 1; lastKnownFileType = sourcecode.swift; name = ARKitMeasureService.swift; path = Services/Recognition/ARKitMeasureService.swift; sourceTree = "<group>"; };
		50E24F35536EA178167EE5EFB5C779F7 /* FieldCapturePayloadTests.swift */ = {isa = PBXFileReference; includeInIndex = 1; lastKnownFileType = sourcecode.swift; path = FieldCapturePayloadTests.swift; sourceTree = "<group>"; };
		5579C3110E89ED1161149B1382F3C60F /* PostHogCaptureAnalytics.swift */ = {isa = PBXFileReference; includeInIndex = 1; lastKnownFileType = sourcecode.swift; name = PostHogCaptureAnalytics.swift; path = Services/Analytics/PostHogCaptureAnalytics.swift; sourceTree = "<group>"; };
		5971940D5027369FD93BC61DA8FAAE12 /* CaptureSyncService.swift */ = {isa = PBXFileReference; includeInIndex = 1; lastKnownFileType = sourcecode.swift; name = CaptureSyncService.swift; path = Sync/CaptureSyncService.swift; sourceTree = "<group>"; };
		5FA298E4FB6EE740B0C779BB94483DA7 /* CaptureLifecycle.swift */ = {isa = PBXFileReference; includeInIndex = 1; lastKnownFileType = sourcecode.swift; name = CaptureLifecycle.swift; path = StateMachine/CaptureLifecycle.swift; sourceTree = "<group>"; };
		63E63DCCCC670097E36202690A80B8B6 /* CameraPrimingScreen.swift */ = {isa = PBXFileReference; includeInIndex = 1; lastKnownFileType = sourcecode.swift; name = CameraPrimingScreen.swift; path = Features/Onboarding/CameraPrimingScreen.swift; sourceTree = "<group>"; };
		6477A80B1589F0B08E9ACF0B0E72E25E /* Capture.entitlements */ = {isa = PBXFileReference; includeInIndex = 1; lastKnownFileType = text.plist.entitlements; path = Capture.entitlements; sourceTree = "<group>"; };
		68A431D86C26E7CCFFAFAEBDE2F8E6B6 /* S1AssignVenueScreen.swift */ = {isa = PBXFileReference; includeInIndex = 1; lastKnownFileType = sourcecode.swift; name = S1AssignVenueScreen.swift; path = Features/Route/S1AssignVenueScreen.swift; sourceTree = "<group>"; };
		6A672A3B9B901BD58AA1CDE77F32E08C /* CaptureFonts.swift */ = {isa = PBXFileReference; includeInIndex = 1; lastKnownFileType = sourcecode.swift; name = CaptureFonts.swift; path = Design/CaptureFonts.swift; sourceTree = "<group>"; };
		6B97BBA8F34190FF771158B7586813BD /* TagOCRSheet.swift */ = {isa = PBXFileReference; includeInIndex = 1; lastKnownFileType = sourcecode.swift; name = TagOCRSheet.swift; path = Features/Recognition/Tag/TagOCRSheet.swift; sourceTree = "<group>"; };
		6BDCDA8925DAF9ADBB043A487429306F /* VisionTagOCRService.swift */ = {isa = PBXFileReference; includeInIndex = 1; lastKnownFileType = sourcecode.swift; name = VisionTagOCRService.swift; path = Services/Recognition/VisionTagOCRService.swift; sourceTree = "<group>"; };
		6C10D56F9C0B7CEC9580EA95D17B45D9 /* RootView.swift */ = {isa = PBXFileReference; includeInIndex = 1; lastKnownFileType = sourcecode.swift; name = RootView.swift; path = Features/Root/RootView.swift; sourceTree = "<group>"; };
		70880500A871F0E47A94F2094E75A71D /* DataScannerCodeService.swift */ = {isa = PBXFileReference; includeInIndex = 1; lastKnownFileType = sourcecode.swift; name = DataScannerCodeService.swift; path = Services/Recognition/DataScannerCodeService.swift; sourceTree = "<group>"; };
		72A241086E139796DE978B7C83C60500 /* SyncStatusScreen.swift */ = {isa = PBXFileReference; includeInIndex = 1; lastKnownFileType = sourcecode.swift; name = SyncStatusScreen.swift; path = Features/SystemEntry/SyncStatusScreen.swift; sourceTree = "<group>"; };
		737CE66C3ABD938AD0620AC2CA3C9C7B /* SupabaseSessionService.swift */ = {isa = PBXFileReference; includeInIndex = 1; lastKnownFileType = sourcecode.swift; name = SupabaseSessionService.swift; path = Services/Session/SupabaseSessionService.swift; sourceTree = "<group>"; };
		74581B79984292ACAD850EE0D0A1171D /* V2CullDeckScreen.swift */ = {isa = PBXFileReference; includeInIndex = 1; lastKnownFileType = sourcecode.swift; name = V2CullDeckScreen.swift; path = Features/Session/V2CullDeckScreen.swift; sourceTree = "<group>"; };
		7579800C9CDB9555810CEB57F7986441 /* AppConfiguration.swift */ = {isa = PBXFileReference; includeInIndex = 1; lastKnownFileType = sourcecode.swift; name = AppConfiguration.swift; path = App/Configuration/AppConfiguration.swift; sourceTree = "<group>"; };
		765B7F3493556DB916968B459F3C86F5 /* CaptureDeepLink.swift */ = {isa = PBXFileReference; includeInIndex = 1; lastKnownFileType = sourcecode.swift; name = CaptureDeepLink.swift; path = App/DeepLinking/CaptureDeepLink.swift; sourceTree = "<group>"; };
		7A85B8CA0F65F745AF0642355845DEC7 /* IBMPlexMono-Regular.ttf */ = {isa = PBXFileReference; includeInIndex = 1; name = "IBMPlexMono-Regular.ttf"; path = "CaptureKit/CaptureKit/Resources/Fonts/IBMPlexMono-Regular.ttf"; sourceTree = "<group>"; };
		7A9FFF976BA1B2677DAC7B7A588D43C2 /* CaptureMediaPath.swift */ = {isa = PBXFileReference; includeInIndex = 1; lastKnownFileType = sourcecode.swift; name = CaptureMediaPath.swift; path = Sync/CaptureMediaPath.swift; sourceTree = "<group>"; };
		7BAE47BBBEDE00CC5CCC4FC39C60E303 /* CaptureAnalytics.swift */ = {isa = PBXFileReference; includeInIndex = 1; lastKnownFileType = sourcecode.swift; name = CaptureAnalytics.swift; path = Analytics/CaptureAnalytics.swift; sourceTree = "<group>"; };
		7C22A3649194DE65E3E06B4A17E38F02 /* ViewfinderFramingGuides.swift */ = {isa = PBXFileReference; includeInIndex = 1; lastKnownFileType = sourcecode.swift; name = ViewfinderFramingGuides.swift; path = Features/Capture/ViewfinderFramingGuides.swift; sourceTree = "<group>"; };
		7D0CC19613A15E9DDB61EEB089C0A001 /* CaptureSyncAttributes.swift */ = {isa = PBXFileReference; includeInIndex = 1; lastKnownFileType = sourcecode.swift; name = CaptureSyncAttributes.swift; path = LiveActivity/CaptureSyncAttributes.swift; sourceTree = "<group>"; };
		7D5E56B771F375424456321F58F8AB76 /* RouteSessionScreens.swift */ = {isa = PBXFileReference; includeInIndex = 1; lastKnownFileType = sourcecode.swift; name = RouteSessionScreens.swift; path = Features/Route/RouteSessionScreens.swift; sourceTree = "<group>"; };
		7D5F468E016AB71B76EDF5FD3D573397 /* CaptureLiveActivityController.swift */ = {isa = PBXFileReference; includeInIndex = 1; lastKnownFileType = sourcecode.swift; name = CaptureLiveActivityController.swift; path = Services/LiveActivity/CaptureLiveActivityController.swift; sourceTree = "<group>"; };
		7DFB54C1ECCCE4475EB419762C3F7CA0 /* Color+Hex.swift */ = {isa = PBXFileReference; includeInIndex = 1; lastKnownFileType = sourcecode.swift; name = "Color+Hex.swift"; path = "Design/Color+Hex.swift"; sourceTree = "<group>"; };
		7FD1B76A39D7845C1D0F86C402AD6D00 /* CaptureCoordinator.swift */ = {isa = PBXFileReference; includeInIndex = 1; lastKnownFileType = sourcecode.swift; name = CaptureCoordinator.swift; path = App/Coordinators/CaptureCoordinator.swift; sourceTree = "<group>"; };
		80E80B0BB92EB33E7AE4DA565B037F71 /* WelcomeScreen.swift */ = {isa = PBXFileReference; includeInIndex = 1; lastKnownFileType = sourcecode.swift; name = WelcomeScreen.swift; path = Features/Onboarding/WelcomeScreen.swift; sourceTree = "<group>"; };
		8224C8D25E64BA978961A9E6D6F2D0D3 /* Assets.xcassets */ = {isa = PBXFileReference; includeInIndex = 1; lastKnownFileType = folder.assetcatalog; path = Assets.xcassets; sourceTree = "<group>"; };
		86FCBA9FBAFE1B03CB30E56BF913DE5D /* ResilienceScreens.swift */ = {isa = PBXFileReference; includeInIndex = 1; lastKnownFileType = sourcecode.swift; name = ResilienceScreens.swift; path = Features/Resilience/ResilienceScreens.swift; sourceTree = "<group>"; };
		88904254954F22A44A3CFD3AC51F4755 /* ViewfinderPlaceholder.swift */ = {isa = PBXFileReference; includeInIndex = 1; lastKnownFileType = sourcecode.swift; name = ViewfinderPlaceholder.swift; path = Features/Root/ViewfinderPlaceholder.swift; sourceTree = "<group>"; };
		8AC4A4013218156A1C9423627CB79D3D /* ARMeasureView.swift */ = {isa = PBXFileReference; includeInIndex = 1; lastKnownFileType = sourcecode.swift; name = ARMeasureView.swift; path = Features/Recognition/Measure/ARMeasureView.swift; sourceTree = "<group>"; };
		8E16F772A47F95A45EE2ACEA41458191 /* ConnectWorkspaceScreen.swift */ = {isa = PBXFileReference; includeInIndex = 1; lastKnownFileType = sourcecode.swift; name = ConnectWorkspaceScreen.swift; path = Features/Auth/ConnectWorkspaceScreen.swift; sourceTree = "<group>"; };
		962CCF3749A245C5A7257788ABD05988 /* FieldCapturePayload.swift */ = {isa = PBXFileReference; includeInIndex = 1; lastKnownFileType = sourcecode.swift; name = FieldCapturePayload.swift; path = Sync/FieldCapturePayload.swift; sourceTree = "<group>"; };
		98A7A054537E63DCD5BFAD20F37E388D /* CaptureMediaPathTests.swift */ = {isa = PBXFileReference; includeInIndex = 1; lastKnownFileType = sourcecode.swift; path = CaptureMediaPathTests.swift; sourceTree = "<group>"; };
		9AA412CC7550E99D4CD2A52B86ADF924 /* SupabaseProjectCreator.swift */ = {isa = PBXFileReference; includeInIndex = 1; lastKnownFileType = sourcecode.swift; name = SupabaseProjectCreator.swift; path = Services/Projects/SupabaseProjectCreator.swift; sourceTree = "<group>"; };
		9ABF609BC7ED80E6E1FCAE8F44C60DDA /* SystemSurfaceScreens.swift */ = {isa = PBXFileReference; includeInIndex = 1; lastKnownFileType = sourcecode.swift; name = SystemSurfaceScreens.swift; path = Features/SystemEntry/SystemSurfaceScreens.swift; sourceTree = "<group>"; };
		9B2E7BFA2D53897F0F1C906FE1A8FF90 /* ProvenanceBadge.swift */ = {isa = PBXFileReference; includeInIndex = 1; lastKnownFileType = sourcecode.swift; name = ProvenanceBadge.swift; path = Design/ProvenanceBadge.swift; sourceTree = "<group>"; };
		A0147AFB41368DFCD24D002B3B27CEDC /* Secrets.swift */ = {isa = PBXFileReference; includeInIndex = 1; lastKnownFileType = sourcecode.swift; name = Secrets.swift; path = App/Configuration/Secrets.swift; sourceTree = "<group>"; };
		A2D0AB88090E92A2CB8804EC2E85E249 /* DataScannerView.swift */ = {isa = PBXFileReference; includeInIndex = 1; lastKnownFileType = sourcecode.swift; name = DataScannerView.swift; path = Features/Recognition/Code/DataScannerView.swift; sourceTree = "<group>"; };
		A38E308C7AB89F82B40472DADE226508 /* RecognitionSupport.swift */ = {isa = PBXFileReference; includeInIndex = 1; lastKnownFileType = sourcecode.swift; name = RecognitionSupport.swift; path = Features/Recognition/RecognitionSupport.swift; sourceTree = "<group>"; };
		A4797EEF482E4E193B4CC00F392F085D /* SessionProviding.swift */ = {isa = PBXFileReference; includeInIndex = 1; lastKnownFileType = sourcecode.swift; name = SessionProviding.swift; path = Session/SessionProviding.swift; sourceTree = "<group>"; };
		A4BBF4B193A3937C5A381AE6B3A88AE6 /* RouteSessionUI.swift */ = {isa = PBXFileReference; includeInIndex = 1; lastKnownFileType = sourcecode.swift; name = RouteSessionUI.swift; path = Features/Route/RouteSessionUI.swift; sourceTree = "<group>"; };
		A6E5356D35EE19F865198BB6F920C5C8 /* Capture.app */ = {isa = PBXFileReference; explicitFileType = wrapper.application; includeInIndex = 0; path = Capture.app; sourceTree = BUILT_PRODUCTS_DIR; };
		AAAA89FE56FCC2019E73D5AF84C89DD4 /* OnboardingFlowView.swift */ = {isa = PBXFileReference; includeInIndex = 1; lastKnownFileType = sourcecode.swift; name = OnboardingFlowView.swift; path = Features/Onboarding/OnboardingFlowView.swift; sourceTree = "<group>"; };
		ADBFDAA326E952CEB286CCE4DE422F50 /* SupabaseCaptureGateway.swift */ = {isa = PBXFileReference; includeInIndex = 1; lastKnownFileType = sourcecode.swift; name = SupabaseCaptureGateway.swift; path = Services/Sync/SupabaseCaptureGateway.swift; sourceTree = "<group>"; };
		AE36ABCBBB69C996D9DF15C254FAD702 /* SmartGuessSheet.swift */ = {isa = PBXFileReference; includeInIndex = 1; lastKnownFileType = sourcecode.swift; name = SmartGuessSheet.swift; path = Features/Recognition/SmartGuess/SmartGuessSheet.swift; sourceTree = "<group>"; };
		AF9EC92D6824CA767985CA98E3420674 /* Specimen+Accessors.swift */ = {isa = PBXFileReference; includeInIndex = 1; lastKnownFileType = sourcecode.swift; name = "Specimen+Accessors.swift"; path = "Domain/Specimen+Accessors.swift"; sourceTree = "<group>"; };
		B13E363FA4393030C3F00773D004EC40 /* V1SessionTrayScreen.swift */ = {isa = PBXFileReference; includeInIndex = 1; lastKnownFileType = sourcecode.swift; name = V1SessionTrayScreen.swift; path = Features/Session/V1SessionTrayScreen.swift; sourceTree = "<group>"; };
		B182F7C50B1627FBA5E192E445E20821 /* CaptureHaptics.swift */ = {isa = PBXFileReference; includeInIndex = 1; lastKnownFileType = sourcecode.swift; name = CaptureHaptics.swift; path = Features/Capture/CaptureHaptics.swift; sourceTree = "<group>"; };
		B33CA7864CC0C751498FF0BD32D44F41 /* CaptureEnums.swift */ = {isa = PBXFileReference; includeInIndex = 1; lastKnownFileType = sourcecode.swift; name = CaptureEnums.swift; path = Domain/CaptureEnums.swift; sourceTree = "<group>"; };
		B5045866B81A8DF1A5ED08A11B6F50F8 /* LowLightTorchOverlay.swift */ = {isa = PBXFileReference; includeInIndex = 1; lastKnownFileType = sourcecode.swift; name = LowLightTorchOverlay.swift; path = Features/Resilience/LowLightTorchOverlay.swift; sourceTree = "<group>"; };
		B740ED3D404AB5FCEC3EE49C8B21ACD5 /* SpeechVoiceNoteService.swift */ = {isa = PBXFileReference; includeInIndex = 1; lastKnownFileType = sourcecode.swift; name = SpeechVoiceNoteService.swift; path = Services/Recognition/SpeechVoiceNoteService.swift; sourceTree = "<group>"; };
		B8DF027B4E1D5B5E159F4150F6A81EB2 /* SpecimenFieldRow.swift */ = {isa = PBXFileReference; includeInIndex = 1; lastKnownFileType = sourcecode.swift; name = SpecimenFieldRow.swift; path = Design/SpecimenFieldRow.swift; sourceTree = "<group>"; };
		BB276AE8A773CA096D814245D9BFD81C /* CaptureCoreScreens.swift */ = {isa = PBXFileReference; includeInIndex = 1; lastKnownFileType = sourcecode.swift; name = CaptureCoreScreens.swift; path = Features/Capture/CaptureCoreScreens.swift; sourceTree = "<group>"; };
		BE07868CFD161A4A2383570A0F485C09 /* AVFoundationCameraService.swift */ = {isa = PBXFileReference; includeInIndex = 1; lastKnownFileType = sourcecode.swift; name = AVFoundationCameraService.swift; path = Services/Camera/AVFoundationCameraService.swift; sourceTree = "<group>"; };
		C200446FD93EAFF70682B013FA125478 /* CaptureTests.xctest */ = {isa = PBXFileReference; explicitFileType = wrapper.cfbundle; includeInIndex = 0; path = CaptureTests.xctest; sourceTree = BUILT_PRODUCTS_DIR; };
		C3DDDEF3FF08EE275E3D74A01890C52D /* LocalCaptureSyncService.swift */ = {isa = PBXFileReference; includeInIndex = 1; lastKnownFileType = sourcecode.swift; name = LocalCaptureSyncService.swift; path = Services/Sync/LocalCaptureSyncService.swift; sourceTree = "<group>"; };
		C8CAD316997F2B8ABBE8A40ABE426492 /* Info.plist */ = {isa = PBXFileReference; includeInIndex = 1; lastKnownFileType = text.plist.xml; path = Info.plist; sourceTree = "<group>"; };
		CF73425C5158C7899B1FB7B803FA5A9C /* SupabaseWorkspaceAuthorizer.swift */ = {isa = PBXFileReference; includeInIndex = 1; lastKnownFileType = sourcecode.swift; name = SupabaseWorkspaceAuthorizer.swift; path = Services/Session/SupabaseWorkspaceAuthorizer.swift; sourceTree = "<group>"; };
		D18FEE76DAF40F920F1EF490AF2E7333 /* S5InboxTerminalScreen.swift */ = {isa = PBXFileReference; includeInIndex = 1; lastKnownFileType = sourcecode.swift; name = S5InboxTerminalScreen.swift; path = Features/Route/S5InboxTerminalScreen.swift; sourceTree = "<group>"; };
		D67345F63ABD14FA55108821782243E1 /* ViewfinderScreen.swift */ = {isa = PBXFileReference; includeInIndex = 1; lastKnownFileType = sourcecode.swift; name = ViewfinderScreen.swift; path = Features/Capture/ViewfinderScreen.swift; sourceTree = "<group>"; };
		D6A5CF723FF880BA86D8B9B82C04467F /* SpecimenSheetScreen.swift */ = {isa = PBXFileReference; includeInIndex = 1; lastKnownFileType = sourcecode.swift; name = SpecimenSheetScreen.swift; path = Features/Specimen/SpecimenSheetScreen.swift; sourceTree = "<group>"; };
		D7B6187692B764C3F66B0ED45585FE9B /* CaptureNavigation.swift */ = {isa = PBXFileReference; includeInIndex = 1; lastKnownFileType = sourcecode.swift; name = CaptureNavigation.swift; path = Navigation/CaptureNavigation.swift; sourceTree = "<group>"; };
		DB6626C2DB83D4756B0A36AF3D9B12C7 /* CodeScanSheet.swift */ = {isa = PBXFileReference; includeInIndex = 1; lastKnownFileType = sourcecode.swift; name = CodeScanSheet.swift; path = Features/Recognition/Code/CodeScanSheet.swift; sourceTree = "<group>"; };
		DFB730DDD86F9EB45361406B5322253F /* ScreenRegistry.swift */ = {isa = PBXFileReference; includeInIndex = 1; lastKnownFileType = sourcecode.swift; name = ScreenRegistry.swift; path = App/Composition/ScreenRegistry.swift; sourceTree = "<group>"; };
		E4006B109A49160C141AFF44A705398A /* CaptureScreenID.swift */ = {isa = PBXFileReference; includeInIndex = 1; lastKnownFileType = sourcecode.swift; name = CaptureScreenID.swift; path = Support/CaptureScreenID.swift; sourceTree = "<group>"; };
		E55DEB38E97A336021537F6143E1362A /* Fraunces.ttf */ = {isa = PBXFileReference; includeInIndex = 1; name = Fraunces.ttf; path = CaptureKit/CaptureKit/Resources/Fonts/Fraunces.ttf; sourceTree = "<group>"; };
		E620F38D848F4C89B25FC71EAA1C9D76 /* Specimen.swift */ = {isa = PBXFileReference; includeInIndex = 1; lastKnownFileType = sourcecode.swift; name = Specimen.swift; path = Domain/Specimen.swift; sourceTree = "<group>"; };
		EA2A40D2A3D746FC60FD4643AAE2AF67 /* CaptureKitMocks.framework */ = {isa = PBXFileReference; explicitFileType = wrapper.framework; includeInIndex = 0; path = CaptureKitMocks.framework; sourceTree = BUILT_PRODUCTS_DIR; };
		EACBB1F8816A8E403EE314E927B37987 /* OfflineQueueBanner.swift */ = {isa = PBXFileReference; includeInIndex = 1; lastKnownFileType = sourcecode.swift; name = OfflineQueueBanner.swift; path = Features/Resilience/OfflineQueueBanner.swift; sourceTree = "<group>"; };
		EB70D2FA33D257C08AC723744E301D14 /* RecognitionServices.swift */ = {isa = PBXFileReference; includeInIndex = 1; lastKnownFileType = sourcecode.swift; name = RecognitionServices.swift; path = Recognition/RecognitionServices.swift; sourceTree = "<group>"; };
		EB7C10659AD58462C6DFB7D3E50BB9E3 /* CaptureCardOverlay.swift */ = {isa = PBXFileReference; includeInIndex = 1; lastKnownFileType = sourcecode.swift; name = CaptureCardOverlay.swift; path = Features/Capture/CaptureCardOverlay.swift; sourceTree = "<group>"; };
		F1A4DB6AAB5CCE1E94B17EAF09DEF8F9 /* S2CreateProjectScreen.swift */ = {isa = PBXFileReference; includeInIndex = 1; lastKnownFileType = sourcecode.swift; name = S2CreateProjectScreen.swift; path = Features/Route/S2CreateProjectScreen.swift; sourceTree = "<group>"; };
		F73781743C5AC32BE0E21361405FCE3A /* VenueStamp.swift */ = {isa = PBXFileReference; includeInIndex = 1; lastKnownFileType = sourcecode.swift; name = VenueStamp.swift; path = Domain/VenueStamp.swift; sourceTree = "<group>"; };
		F86CA7D54B733CF7B800EAEAA0F4B64D /* Foundation.framework */ = {isa = PBXFileReference; lastKnownFileType = wrapper.framework; name = Foundation.framework; path = Platforms/iPhoneOS.platform/Developer/SDKs/iPhoneOS18.0.sdk/System/Library/Frameworks/Foundation.framework; sourceTree = DEVELOPER_DIR; };
		FDFCDF8CDC65A234CE0062564FAB4BA7 /* MeasureSheet.swift */ = {isa = PBXFileReference; includeInIndex = 1; lastKnownFileType = sourcecode.swift; name = MeasureSheet.swift; path = Features/Recognition/Measure/MeasureSheet.swift; sourceTree = "<group>"; };
/* End PBXFileReference section */

/* Begin PBXFrameworksBuildPhase section */
		0CCCFD9D50E9B5B69A1FC1068CB47937 /* Frameworks */ = {
			isa = PBXFrameworksBuildPhase;
			buildActionMask = 2147483647;
			files = (
				94461B2EDE1EE63C79A37486A91628E3 /* Foundation.framework in Frameworks */,
			);
			runOnlyForDeploymentPostprocessing = 0;
		};
		5FF0C09C07E44D07EAD942583D86FE23 /* Frameworks */ = {
			isa = PBXFrameworksBuildPhase;
			buildActionMask = 2147483647;
			files = (
				07A009F01ABD0758B278D89959D5AC7D /* Foundation.framework in Frameworks */,
				50F167A5C4DAB407A839CE330DC2B95F /* CaptureKit.framework in Frameworks */,
			);
			runOnlyForDeploymentPostprocessing = 0;
		};
		B30E6FE3528962DC2D24B7BAC816BD51 /* Frameworks */ = {
			isa = PBXFrameworksBuildPhase;
			buildActionMask = 2147483647;
			files = (
				498B8234457F00CFEE67727557995963 /* Foundation.framework in Frameworks */,
				ACE3D7EE6AA0C6F36D8FB57EC6354D7C /* CaptureKit.framework in Frameworks */,
			);
			runOnlyForDeploymentPostprocessing = 0;
		};
		E644ABBD09406A44A48B715971303309 /* Frameworks */ = {
			isa = PBXFrameworksBuildPhase;
			buildActionMask = 2147483647;
			files = (
				877C107B77C18E3B655D5ADC720F5BA9 /* Foundation.framework in Frameworks */,
				1142C08260A7EF4BD139467148531B1E /* CaptureKit.framework in Frameworks */,
				215EF793D1D1F57665EA9FFAF6B08BFD /* CaptureKitMocks.framework in Frameworks */,
				C83C7F21483230BF360C00570E53DA20 /* Supabase in Frameworks */,
				B0F503FB6EF432620E34F2128ECC0543 /* PostHog in Frameworks */,
			);
			runOnlyForDeploymentPostprocessing = 0;
		};
/* End PBXFrameworksBuildPhase section */

/* Begin PBXGroup section */
		2524AF07A4739DF8595D8EEB3F2532C0 = {
			isa = PBXGroup;
			children = (
				FE759140771529D52218417ACF5402DB /* Products */,
				FFF0FFF3043204E8F872A1082CF1B90D /* Frameworks */,
				D178D4887448CD3F6BD7486FB49FAF0A /* CaptureKit */,
				55E19720AA20137EBC1A5D21E2715D1A /* CaptureKitMocks */,
				708F0D8DC1CA07442D33BE175F6BCF7F /* Capture */,
				AA48C592E2EA7712DF47EE9A1296408A /* CaptureTests */,
				E55DEB38E97A336021537F6143E1362A /* Fraunces.ttf */,
				21EC22CDFA342E49D4AEAE08DB51D7D6 /* HankenGrotesk.ttf */,
				4BB275274425AA7D7C2DC3EAC4F250CA /* IBMPlexMono-Medium.ttf */,
				7A85B8CA0F65F745AF0642355845DEC7 /* IBMPlexMono-Regular.ttf */,
			);
			sourceTree = "<group>";
		};
		42AE7186D24E64D75E58224536D45C5E /* iOS */ = {
			isa = PBXGroup;
			children = (
				F86CA7D54B733CF7B800EAEAA0F4B64D /* Foundation.framework */,
			);
			name = iOS;
			sourceTree = "<group>";
		};
		55E19720AA20137EBC1A5D21E2715D1A /* CaptureKitMocks */ = {
			isa = PBXGroup;
			children = (
				1E31CC50FA7DB6EEF612AA0C1769F37F /* CaptureKitMocks.swift */,
			);
			name = CaptureKitMocks;
			path = CaptureKitMocks;
			sourceTree = "<group>";
		};
		708F0D8DC1CA07442D33BE175F6BCF7F /* Capture */ = {
			isa = PBXGroup;
			children = (
				400E088B5CAB07B61D227AFFE80FF89D /* CaptureApp.swift */,
				24329B6F6DBAA8DB7FEBFBA2FD49DB11 /* AppContainer.swift */,
				DFB730DDD86F9EB45361406B5322253F /* ScreenRegistry.swift */,
				7579800C9CDB9555810CEB57F7986441 /* AppConfiguration.swift */,
				A0147AFB41368DFCD24D002B3B27CEDC /* Secrets.swift */,
				7FD1B76A39D7845C1D0F86C402AD6D00 /* CaptureCoordinator.swift */,
				765B7F3493556DB916968B459F3C86F5 /* CaptureDeepLink.swift */,
				42162E25885ED26CC5D052CDB3694672 /* AccountScreen.swift */,
				8E16F772A47F95A45EE2ACEA41458191 /* ConnectWorkspaceScreen.swift */,
				EB7C10659AD58462C6DFB7D3E50BB9E3 /* CaptureCardOverlay.swift */,
				BB276AE8A773CA096D814245D9BFD81C /* CaptureCoreScreens.swift */,
				B182F7C50B1627FBA5E192E445E20821 /* CaptureHaptics.swift */,
				28764495B4246DA2CFE7FB72E470F897 /* ViewfinderControls.swift */,
				7C22A3649194DE65E3E06B4A17E38F02 /* ViewfinderFramingGuides.swift */,
				35F4B596EC9045066E33E73BF288178A /* ViewfinderModel.swift */,
				D67345F63ABD14FA55108821782243E1 /* ViewfinderScreen.swift */,
				17F52EEC7B4457E336EA04DA817FB4F8 /* LibrarySearchScreen.swift */,
				63E63DCCCC670097E36202690A80B8B6 /* CameraPrimingScreen.swift */,
				AAAA89FE56FCC2019E73D5AF84C89DD4 /* OnboardingFlowView.swift */,
				12B105581A050FBDA52E94EB7C77A1E1 /* OnboardingSupport.swift */,
				3DE1BC0EC68860722F72976824D63AE6 /* ReadyScreen.swift */,
				80E80B0BB92EB33E7AE4DA565B037F71 /* WelcomeScreen.swift */,
				DB6626C2DB83D4756B0A36AF3D9B12C7 /* CodeScanSheet.swift */,
				A2D0AB88090E92A2CB8804EC2E85E249 /* DataScannerView.swift */,
				8AC4A4013218156A1C9423627CB79D3D /* ARMeasureView.swift */,
				FDFCDF8CDC65A234CE0062564FAB4BA7 /* MeasureSheet.swift */,
				21B2A6E9C1FE446BD7EAE9A10110C0DD /* RecognitionScreens.swift */,
				A38E308C7AB89F82B40472DADE226508 /* RecognitionSupport.swift */,
				AE36ABCBBB69C996D9DF15C254FAD702 /* SmartGuessSheet.swift */,
				450EACEB8AF2BC0FEC2B757814EE2A1E /* TagOCRScanner.swift */,
				6B97BBA8F34190FF771158B7586813BD /* TagOCRSheet.swift */,
				33A9D6EA0020E92FA8CCBE1ACE222393 /* VoiceNoteSheet.swift */,
				B5045866B81A8DF1A5ED08A11B6F50F8 /* LowLightTorchOverlay.swift */,
				EACBB1F8816A8E403EE314E927B37987 /* OfflineQueueBanner.swift */,
				86FCBA9FBAFE1B03CB30E56BF913DE5D /* ResilienceScreens.swift */,
				6C10D56F9C0B7CEC9580EA95D17B45D9 /* RootView.swift */,
				88904254954F22A44A3CFD3AC51F4755 /* ViewfinderPlaceholder.swift */,
				7D5E56B771F375424456321F58F8AB76 /* RouteSessionScreens.swift */,
				A4BBF4B193A3937C5A381AE6B3A88AE6 /* RouteSessionUI.swift */,
				68A431D86C26E7CCFFAFAEBDE2F8E6B6 /* S1AssignVenueScreen.swift */,
				F1A4DB6AAB5CCE1E94B17EAF09DEF8F9 /* S2CreateProjectScreen.swift */,
				47F07E920AF9595C8AE762524EA564EC /* S3DestinationScreen.swift */,
				0B8F358E4ECF8707B994D2159450EE4A /* S4SavedTerminalScreen.swift */,
				D18FEE76DAF40F920F1EF490AF2E7333 /* S5InboxTerminalScreen.swift */,
				B13E363FA4393030C3F00773D004EC40 /* V1SessionTrayScreen.swift */,
				74581B79984292ACAD850EE0D0A1171D /* V2CullDeckScreen.swift */,
				185544826EF66C45E1FAB2FE5AF08088 /* V3SpecimenDetailScreen.swift */,
				30E16055496AE588FC400D75E8B3BBFD /* SettingsScreen.swift */,
				D6A5CF723FF880BA86D8B9B82C04467F /* SpecimenSheetScreen.swift */,
				72A241086E139796DE978B7C83C60500 /* SyncStatusScreen.swift */,
				9ABF609BC7ED80E6E1FCAE8F44C60DDA /* SystemSurfaceScreens.swift */,
				5579C3110E89ED1161149B1382F3C60F /* PostHogCaptureAnalytics.swift */,
				BE07868CFD161A4A2383570A0F485C09 /* AVFoundationCameraService.swift */,
				7D5F468E016AB71B76EDF5FD3D573397 /* CaptureLiveActivityController.swift */,
				246951FAB20F82D18B6239D76EB2191C /* CoreLocationService.swift */,
				9AA412CC7550E99D4CD2A52B86ADF924 /* SupabaseProjectCreator.swift */,
				4E34E57DBA0E98A47A4F5EFE57C975EB /* ARKitMeasureService.swift */,
				70880500A871F0E47A94F2094E75A71D /* DataScannerCodeService.swift */,
				4C39683EC9C221C9F0507FBE297624C0 /* HeuristicSmartGuessService.swift */,
				B740ED3D404AB5FCEC3EE49C8B21ACD5 /* SpeechVoiceNoteService.swift */,
				6BDCDA8925DAF9ADBB043A487429306F /* VisionTagOCRService.swift */,
				737CE66C3ABD938AD0620AC2CA3C9C7B /* SupabaseSessionService.swift */,
				CF73425C5158C7899B1FB7B803FA5A9C /* SupabaseWorkspaceAuthorizer.swift */,
				13A906A5D5F83AFA5AFB33F422641693 /* SupabaseClientProvider.swift */,
				C3DDDEF3FF08EE275E3D74A01890C52D /* LocalCaptureSyncService.swift */,
				ADBFDAA326E952CEB286CCE4DE422F50 /* SupabaseCaptureGateway.swift */,
				C8CAD316997F2B8ABBE8A40ABE426492 /* Info.plist */,
				6477A80B1589F0B08E9ACF0B0E72E25E /* Capture.entitlements */,
				8224C8D25E64BA978961A9E6D6F2D0D3 /* Assets.xcassets */,
			);
			name = Capture;
			path = Capture;
			sourceTree = "<group>";
		};
		AA48C592E2EA7712DF47EE9A1296408A /* CaptureTests */ = {
			isa = PBXGroup;
			children = (
				2CDC08558E448499B3331A57E87A134C /* CaptureLifecycleTests.swift */,
				98A7A054537E63DCD5BFAD20F37E388D /* CaptureMediaPathTests.swift */,
				50E24F35536EA178167EE5EFB5C779F7 /* FieldCapturePayloadTests.swift */,
			);
			name = CaptureTests;
			path = CaptureTests;
			sourceTree = "<group>";
		};
		D178D4887448CD3F6BD7486FB49FAF0A /* CaptureKit */ = {
			isa = PBXGroup;
			children = (
				7BAE47BBBEDE00CC5CCC4FC39C60E303 /* CaptureAnalytics.swift */,
				27119ABCC4D570F99E8BFF77C57A1511 /* CameraService.swift */,
				3CE7872AD48360C44678489362C34C63 /* CaptureColor.swift */,
				6A672A3B9B901BD58AA1CDE77F32E08C /* CaptureFonts.swift */,
				1AE4156263DFF8AF116BD3DFE7C1F1CE /* CaptureType.swift */,
				7DFB54C1ECCCE4475EB419762C3F7CA0 /* Color+Hex.swift */,
				9B2E7BFA2D53897F0F1C906FE1A8FF90 /* ProvenanceBadge.swift */,
				B8DF027B4E1D5B5E159F4150F6A81EB2 /* SpecimenFieldRow.swift */,
				B33CA7864CC0C751498FF0BD32D44F41 /* CaptureEnums.swift */,
				AF9EC92D6824CA767985CA98E3420674 /* Specimen+Accessors.swift */,
				E620F38D848F4C89B25FC71EAA1C9D76 /* Specimen.swift */,
				F73781743C5AC32BE0E21361405FCE3A /* VenueStamp.swift */,
				7D0CC19613A15E9DDB61EEB089C0A001 /* CaptureSyncAttributes.swift */,
				349E4D3B37C6FCB9CA8A678A4122D084 /* LocationService.swift */,
				D7B6187692B764C3F66B0ED45585FE9B /* CaptureNavigation.swift */,
				0089EE7D3DEA2E2F82BD687FBA4E8310 /* RouteRegistry.swift */,
				28A68A2E0015516EBB7336DE65476499 /* CaptureStore.swift */,
				EB70D2FA33D257C08AC723744E301D14 /* RecognitionServices.swift */,
				A4797EEF482E4E193B4CC00F392F085D /* SessionProviding.swift */,
				5FA298E4FB6EE740B0C779BB94483DA7 /* CaptureLifecycle.swift */,
				E4006B109A49160C141AFF44A705398A /* CaptureScreenID.swift */,
				7A9FFF976BA1B2677DAC7B7A588D43C2 /* CaptureMediaPath.swift */,
				5971940D5027369FD93BC61DA8FAAE12 /* CaptureSyncService.swift */,
				962CCF3749A245C5A7257788ABD05988 /* FieldCapturePayload.swift */,
			);
			name = CaptureKit;
			path = CaptureKit/CaptureKit;
			sourceTree = "<group>";
		};
		FE759140771529D52218417ACF5402DB /* Products */ = {
			isa = PBXGroup;
			children = (
				1BF9154F04C75AC1AB7D88CD3EF38EAE /* CaptureKit.framework */,
				EA2A40D2A3D746FC60FD4643AAE2AF67 /* CaptureKitMocks.framework */,
				A6E5356D35EE19F865198BB6F920C5C8 /* Capture.app */,
				C200446FD93EAFF70682B013FA125478 /* CaptureTests.xctest */,
			);
			name = Products;
			sourceTree = "<group>";
		};
		FFF0FFF3043204E8F872A1082CF1B90D /* Frameworks */ = {
			isa = PBXGroup;
			children = (
				42AE7186D24E64D75E58224536D45C5E /* iOS */,
			);
			name = Frameworks;
			sourceTree = "<group>";
		};
/* End PBXGroup section */

/* Begin PBXHeadersBuildPhase section */
		B5F5FB4106BB1E1BFBF211AF19014E22 /* Headers */ = {
			isa = PBXHeadersBuildPhase;
			buildActionMask = 2147483647;
			files = (
			);
			runOnlyForDeploymentPostprocessing = 0;
		};
		EDA044364B8D5B891CDBB1A6AB6F370D /* Headers */ = {
			isa = PBXHeadersBuildPhase;
			buildActionMask = 2147483647;
			files = (
			);
			runOnlyForDeploymentPostprocessing = 0;
		};
/* End PBXHeadersBuildPhase section */

/* Begin PBXNativeTarget section */
		45AF271E0E9ADBC3B8F3769E0F2FC243 /* CaptureKit */ = {
			isa = PBXNativeTarget;
			buildConfigurationList = A873306C53E0F53D610FBCE453473034 /* Build configuration list for PBXNativeTarget "CaptureKit" */;
			buildPhases = (
				B5F5FB4106BB1E1BFBF211AF19014E22 /* Headers */,
				B8658CBCF43DF006BF3BF1769DED0902 /* Sources */,
				0CCCFD9D50E9B5B69A1FC1068CB47937 /* Frameworks */,
				F3BFD8C8E5CFBD6DB3095804F00DE12A /* Resources */,
			);
			buildRules = (
			);
			dependencies = (
			);
			name = CaptureKit;
			productName = CaptureKit;
			productReference = 1BF9154F04C75AC1AB7D88CD3EF38EAE /* CaptureKit.framework */;
			productType = "com.apple.product-type.framework";
		};
		946C17DF42C666866D9BAF19A47C9107 /* CaptureTests */ = {
			isa = PBXNativeTarget;
			buildConfigurationList = AC94241CD5040DB9FCC5DB38C46C961B /* Build configuration list for PBXNativeTarget "CaptureTests" */;
			buildPhases = (
				A9D71A32575EDFC3EEB9BAF423ECBB8E /* Sources */,
				5FF0C09C07E44D07EAD942583D86FE23 /* Frameworks */,
				D3DAE1AAB19CBB50D4B4B9491B98EA84 /* Resources */,
			);
			buildRules = (
			);
			dependencies = (
				72A7DFDA1E2B3A17DD948A8D4A5CB8B1 /* PBXTargetDependency */,
			);
			name = CaptureTests;
			productName = CaptureTests;
			productReference = C200446FD93EAFF70682B013FA125478 /* CaptureTests.xctest */;
			productType = "com.apple.product-type.bundle.unit-test";
		};
		D305A3080341913207CAC76CE20B0B6E /* Capture */ = {
			isa = PBXNativeTarget;
			buildConfigurationList = B6440EEDF90A0B4D36EBA04CDD982E5A /* Build configuration list for PBXNativeTarget "Capture" */;
			buildPhases = (
				F27083B5B55E5FE63AAC3283635053A5 /* Sources */,
				E644ABBD09406A44A48B715971303309 /* Frameworks */,
				71A22DC9DB333577E59EF72C9765C1A5 /* Resources */,
				1253891BD8C90EECC012CDF5731845E6 /* Embed Frameworks */,
			);
			buildRules = (
			);
			dependencies = (
				EFF0E6615A121471223711E6FCD187DE /* PBXTargetDependency */,
				B4C96DE209513786B254FDC1BBB2AB51 /* PBXTargetDependency */,
			);
			name = Capture;
			packageProductDependencies = (
				D177F4EB9D77089492B1F42CA79589B5 /* Supabase */,
				05F3D42A893CE8FC83E984948212D554 /* PostHog */,
			);
			productName = Capture;
			productReference = A6E5356D35EE19F865198BB6F920C5C8 /* Capture.app */;
			productType = "com.apple.product-type.application";
		};
		F5BABAF9E4B8A3D156683F7B9DB52A07 /* CaptureKitMocks */ = {
			isa = PBXNativeTarget;
			buildConfigurationList = F75AEB1328C2A56AE4AB572C5145374C /* Build configuration list for PBXNativeTarget "CaptureKitMocks" */;
			buildPhases = (
				EDA044364B8D5B891CDBB1A6AB6F370D /* Headers */,
				FF600FBD5E2156E9963AE3D19DEE4188 /* Sources */,
				B30E6FE3528962DC2D24B7BAC816BD51 /* Frameworks */,
				E9D353EA8E4F89B2BB55D148F5A3922A /* Resources */,
			);
			buildRules = (
			);
			dependencies = (
				60B56EC80B12F6832F7984F8AB3D932C /* PBXTargetDependency */,
			);
			name = CaptureKitMocks;
			productName = CaptureKitMocks;
			productReference = EA2A40D2A3D746FC60FD4643AAE2AF67 /* CaptureKitMocks.framework */;
			productType = "com.apple.product-type.framework";
		};
/* End PBXNativeTarget section */

/* Begin PBXProject section */
		6823E0650B8CD379EEA61A2DF523EE81 /* Project object */ = {
			isa = PBXProject;
			attributes = {
				LastSwiftUpdateCheck = 1600;
				LastUpgradeCheck = 1600;
			};
			buildConfigurationList = 5B890C9E8963507D946C6DE3128C7EF5 /* Build configuration list for PBXProject "Capture" */;
			compatibilityVersion = "Xcode 16.0";
			developmentRegion = en;
			hasScannedForEncodings = 0;
			knownRegions = (
				en,
				Base,
			);
			mainGroup = 2524AF07A4739DF8595D8EEB3F2532C0;
			minimizedProjectReferenceProxies = 0;
			packageReferences = (
				F5E3654F270BCD9EB32B2BE89200636D /* XCRemoteSwiftPackageReference "supabase-swift" */,
				F699F624961F1F78A3C37DFE5B87941D /* XCRemoteSwiftPackageReference "posthog-ios" */,
			);
			preferredProjectObjectVersion = 77;
			productRefGroup = FE759140771529D52218417ACF5402DB /* Products */;
			projectDirPath = "";
			projectRoot = "";
			targets = (
				45AF271E0E9ADBC3B8F3769E0F2FC243 /* CaptureKit */,
				F5BABAF9E4B8A3D156683F7B9DB52A07 /* CaptureKitMocks */,
				D305A3080341913207CAC76CE20B0B6E /* Capture */,
				946C17DF42C666866D9BAF19A47C9107 /* CaptureTests */,
			);
		};
/* End PBXProject section */

/* Begin PBXResourcesBuildPhase section */
		71A22DC9DB333577E59EF72C9765C1A5 /* Resources */ = {
			isa = PBXResourcesBuildPhase;
			buildActionMask = 2147483647;
			files = (
				232CADED1311CA5C7DD82A5C9F0E4CD2 /* Assets.xcassets in Resources */,
			);
			runOnlyForDeploymentPostprocessing = 0;
		};
		D3DAE1AAB19CBB50D4B4B9491B98EA84 /* Resources */ = {
			isa = PBXResourcesBuildPhase;
			buildActionMask = 2147483647;
			files = (
			);
			runOnlyForDeploymentPostprocessing = 0;
		};
		E9D353EA8E4F89B2BB55D148F5A3922A /* Resources */ = {
			isa = PBXResourcesBuildPhase;
			buildActionMask = 2147483647;
			files = (
			);
			runOnlyForDeploymentPostprocessing = 0;
		};
		F3BFD8C8E5CFBD6DB3095804F00DE12A /* Resources */ = {
			isa = PBXResourcesBuildPhase;
			buildActionMask = 2147483647;
			files = (
				CF723B4BDA88BFFBB054261B78FE4743 /* Fraunces.ttf in Resources */,
				365FF815EA3432C85836F932A95513E6 /* HankenGrotesk.ttf in Resources */,
				DDED2A249DAE2FD6CA6ADB4618BF444A /* IBMPlexMono-Medium.ttf in Resources */,
				5CA0C963B20ABB32CE66E85C0E04498D /* IBMPlexMono-Regular.ttf in Resources */,
			);
			runOnlyForDeploymentPostprocessing = 0;
		};
/* End PBXResourcesBuildPhase section */

/* Begin PBXSourcesBuildPhase section */
		A9D71A32575EDFC3EEB9BAF423ECBB8E /* Sources */ = {
			isa = PBXSourcesBuildPhase;
			buildActionMask = 2147483647;
			files = (
				CDC4F26588BCD255FA08CAED77211628 /* CaptureLifecycleTests.swift in Sources */,
				3ACB4D09DB3A8F335A8135BC9798D772 /* CaptureMediaPathTests.swift in Sources */,
				48BFFAFD5933BEE24546194D619281E5 /* FieldCapturePayloadTests.swift in Sources */,
			);
			runOnlyForDeploymentPostprocessing = 0;
		};
		B8658CBCF43DF006BF3BF1769DED0902 /* Sources */ = {
			isa = PBXSourcesBuildPhase;
			buildActionMask = 2147483647;
			files = (
				D4516819AE949BA80FBC695B0928CF01 /* CaptureAnalytics.swift in Sources */,
				81980235A0ED2D83818BF0556B6D5095 /* CameraService.swift in Sources */,
				EFCCDB71BC367AD985A8AA00717C0654 /* CaptureColor.swift in Sources */,
				F4C4BB58F7AAFE76DABCDAA2774FD8CE /* CaptureFonts.swift in Sources */,
				8A25262DF2155A2819699D868A368CDD /* CaptureType.swift in Sources */,
				97B94BAF8971C6F45BB1631D6947033F /* Color+Hex.swift in Sources */,
				EC74A134B015E0C0D17FB9906C48C9A2 /* ProvenanceBadge.swift in Sources */,
				9E8B59A8DC19945141331AF74E3F80BF /* SpecimenFieldRow.swift in Sources */,
				81D3678024314E820F4DAEBD68D090D4 /* CaptureEnums.swift in Sources */,
				9AE68C5EE10BF9F5CB37AC781725CB1A /* Specimen+Accessors.swift in Sources */,
				A7EE412A56FC181171652CE5621AC9D3 /* Specimen.swift in Sources */,
				9AAD7ED34DF64F5552F70DDE343DD821 /* VenueStamp.swift in Sources */,
				EDEDD0A2E918CB2A51CBBDE3111C3E07 /* CaptureSyncAttributes.swift in Sources */,
				0E23E46D305A018810F3413CB0786DB3 /* LocationService.swift in Sources */,
				7057E4D58F2B34383DE30A633FE8F359 /* CaptureNavigation.swift in Sources */,
				1DBE52E6E0522DD2C872050B913F0897 /* RouteRegistry.swift in Sources */,
				5EEAA2EBF9B8DD032197C3CFA091F010 /* CaptureStore.swift in Sources */,
				B92E3BAE45838AB20AF3F8BFDA7A40C4 /* RecognitionServices.swift in Sources */,
				69A8B78A0563257AA1CE3A648363563F /* SessionProviding.swift in Sources */,
				38C8B72E1A54D279C05A98A83DBB6795 /* CaptureLifecycle.swift in Sources */,
				1E731F8D16AFF70E8B8224643B8D49F5 /* CaptureScreenID.swift in Sources */,
				5C5781C1197C70D775A9631783E29F7F /* CaptureMediaPath.swift in Sources */,
				6890440B7EC22F0895137239BD5A57F2 /* CaptureSyncService.swift in Sources */,
				F2FE82854A63205ADD6D30F1389A9CB3 /* FieldCapturePayload.swift in Sources */,
			);
			runOnlyForDeploymentPostprocessing = 0;
		};
		F27083B5B55E5FE63AAC3283635053A5 /* Sources */ = {
			isa = PBXSourcesBuildPhase;
			buildActionMask = 2147483647;
			files = (
				25BA2061242388992D9B7232E3F2E41D /* CaptureApp.swift in Sources */,
				156C55070B4FB817EFB5F24400C4194C /* AppContainer.swift in Sources */,
				17DC20BDFBCDFEFF9AF3BA1984C21B7A /* ScreenRegistry.swift in Sources */,
				AD469EA3554345C118298A59922D25E9 /* AppConfiguration.swift in Sources */,
				B8E5544A4A6C87E10B8A8FC70779386C /* Secrets.swift in Sources */,
				238751DD33A7F47FBCEFABAE80EE5039 /* CaptureCoordinator.swift in Sources */,
				C0C12DE1A67167CDCFFEC1444607C290 /* CaptureDeepLink.swift in Sources */,
				2FB42FA33E5CD073CC3F93817490C7FC /* AccountScreen.swift in Sources */,
				8948A3060139913F83D8BB128692F680 /* ConnectWorkspaceScreen.swift in Sources */,
				574D4678C5ECC3209F0EBBCBBB88E06C /* CaptureCardOverlay.swift in Sources */,
				E51EB7EDF9D96A3B830365F40DF55A18 /* CaptureCoreScreens.swift in Sources */,
				68967B756AE7A8B5EB66AA4FB6596B6D /* CaptureHaptics.swift in Sources */,
				4FCF45759CBBF1FE0224FE949BEC95CC /* ViewfinderControls.swift in Sources */,
				369CD978A9A5B0FB877AD3E21C5A218B /* ViewfinderFramingGuides.swift in Sources */,
				0A5752DE3BBBC75F521E058131CF30C1 /* ViewfinderModel.swift in Sources */,
				E028736781B3DF41EF28A6AE81A0F24F /* ViewfinderScreen.swift in Sources */,
				1EBFE7C448F1281A155372E38D794E4A /* LibrarySearchScreen.swift in Sources */,
				B360CE1CFF474FE2D337E8EC7F28E5D8 /* CameraPrimingScreen.swift in Sources */,
				F02D4BAE608E097BD33AABED7B0AE549 /* OnboardingFlowView.swift in Sources */,
				93C1CC15293B706949E789665F1B0302 /* OnboardingSupport.swift in Sources */,
				99DA95BBD1A8AE5DAC56E22FCADBD497 /* ReadyScreen.swift in Sources */,
				0F8297699EEDE44D287CF9D4E0718BB9 /* WelcomeScreen.swift in Sources */,
				EAAD85AEDFE48EA5B8825A931BC256D2 /* CodeScanSheet.swift in Sources */,
				04B892BBCD805012745FBFF470DFBB13 /* DataScannerView.swift in Sources */,
				0CE3CBAB984A446F3482BCEED4D1051F /* ARMeasureView.swift in Sources */,
				BB73EF74A1352F54A5ECA9D1C97F6F34 /* MeasureSheet.swift in Sources */,
				FB3C530A74D3914DE5C559E89CF35B66 /* RecognitionScreens.swift in Sources */,
				59BB34EDB406B51F2D7DFF0FE349C29E /* RecognitionSupport.swift in Sources */,
				29842F36F36106EDC7E4971CFDDA54E4 /* SmartGuessSheet.swift in Sources */,
				151C685C35CECAD96F7E058B03667C6E /* TagOCRScanner.swift in Sources */,
				AF63CE2AE3CF282BD6CCC4E2500BBCF7 /* TagOCRSheet.swift in Sources */,
				8D3753A344DFAE1F23A8133E8248E9AB /* VoiceNoteSheet.swift in Sources */,
				8B007A1276AB2F858B7EB8038C8ED405 /* LowLightTorchOverlay.swift in Sources */,
				4A5071E9A2F19EF25AB8ADBF29016DB6 /* OfflineQueueBanner.swift in Sources */,
				0F5ABA165740B335BA5103102AA953C6 /* ResilienceScreens.swift in Sources */,
				27A64CAC66BFC8A03B713468881E5129 /* RootView.swift in Sources */,
				A7E582CFF5BC07ABCA299A60617791C0 /* ViewfinderPlaceholder.swift in Sources */,
				186C3D6E1BB4B4BE63266A2BDC9A435C /* RouteSessionScreens.swift in Sources */,
				C386E17F7D36152002A0FEF192E93EDA /* RouteSessionUI.swift in Sources */,
				00642A7BF96D9EBE3A204BBC69A49F50 /* S1AssignVenueScreen.swift in Sources */,
				7B8EB68025AF3753C080E227555917AD /* S2CreateProjectScreen.swift in Sources */,
				7F72175EEC5A46A72D27C4B5055F9FAA /* S3DestinationScreen.swift in Sources */,
				68921EB779A9686DFE23EFD26B30B3A3 /* S4SavedTerminalScreen.swift in Sources */,
				A02DE0B7CE28F4394040FD5405786266 /* S5InboxTerminalScreen.swift in Sources */,
				E7A30BA3E64A68B6E03EF18773CA19E7 /* V1SessionTrayScreen.swift in Sources */,
				47D505180AF6E6B2A66435446512B3B4 /* V2CullDeckScreen.swift in Sources */,
				2DDB6E8E9CD4B3F3DD6841FE30B10C9F /* V3SpecimenDetailScreen.swift in Sources */,
				7ED741C80AA09F8D5C57556276FA6EBE /* SettingsScreen.swift in Sources */,
				D84B721A149BB159098294494A450ECA /* SpecimenSheetScreen.swift in Sources */,
				C476B20FDB25B7776E7D58C62959DAAB /* SyncStatusScreen.swift in Sources */,
				5F15D189AE304D82314106B6F39F0CAA /* SystemSurfaceScreens.swift in Sources */,
				E6A9AD4C5D46607F317053DDBBB15BA8 /* PostHogCaptureAnalytics.swift in Sources */,
				229542EED7996473730BD53B98DB5E2F /* AVFoundationCameraService.swift in Sources */,
				E51449DFF3FDDE81BAA7F7299185A491 /* CaptureLiveActivityController.swift in Sources */,
				CFAA848211E177697B2627AF15D9EE2E /* CoreLocationService.swift in Sources */,
				EA515E413E4BFBB9200C889C3705902E /* SupabaseProjectCreator.swift in Sources */,
				117C501CEBFBF0F3CE9E0E80519A7547 /* ARKitMeasureService.swift in Sources */,
				6FE82642307E37E134B966B6FB253FFF /* DataScannerCodeService.swift in Sources */,
				C1AC3CAC8A4FB1F5B795DA6451E8186C /* HeuristicSmartGuessService.swift in Sources */,
				D642C1193F0CB9554BA3E7CFD3CD3630 /* SpeechVoiceNoteService.swift in Sources */,
				1F8970EEF9AF634B28A92A44567D9EB2 /* VisionTagOCRService.swift in Sources */,
				97E6FB2F060C8096AB9E695821B22412 /* SupabaseSessionService.swift in Sources */,
				B1AE59FB0138D73A5CAB85C28A1C4FB2 /* SupabaseWorkspaceAuthorizer.swift in Sources */,
				FF2B1A631F998295EA5150E71970956F /* SupabaseClientProvider.swift in Sources */,
				C49B2104EDBF52D7EAA9A2A6B3B729BE /* LocalCaptureSyncService.swift in Sources */,
				5F521F445A691D19FDB2CEEAA9CBD01D /* SupabaseCaptureGateway.swift in Sources */,
			);
			runOnlyForDeploymentPostprocessing = 0;
		};
		FF600FBD5E2156E9963AE3D19DEE4188 /* Sources */ = {
			isa = PBXSourcesBuildPhase;
			buildActionMask = 2147483647;
			files = (
				2C7EDD202CDBE64AD43D722931EE1A8E /* CaptureKitMocks.swift in Sources */,
			);
			runOnlyForDeploymentPostprocessing = 0;
		};
/* End PBXSourcesBuildPhase section */

/* Begin PBXTargetDependency section */
		60B56EC80B12F6832F7984F8AB3D932C /* PBXTargetDependency */ = {
			isa = PBXTargetDependency;
			name = CaptureKit;
			target = 45AF271E0E9ADBC3B8F3769E0F2FC243 /* CaptureKit */;
			targetProxy = 939860FC760E1B27A97656DB3FCEA8DC /* PBXContainerItemProxy */;
		};
		72A7DFDA1E2B3A17DD948A8D4A5CB8B1 /* PBXTargetDependency */ = {
			isa = PBXTargetDependency;
			name = CaptureKit;
			target = 45AF271E0E9ADBC3B8F3769E0F2FC243 /* CaptureKit */;
			targetProxy = 7A387150DFCF38167BE0716158FE9C64 /* PBXContainerItemProxy */;
		};
		B4C96DE209513786B254FDC1BBB2AB51 /* PBXTargetDependency */ = {
			isa = PBXTargetDependency;
			name = CaptureKitMocks;
			target = F5BABAF9E4B8A3D156683F7B9DB52A07 /* CaptureKitMocks */;
			targetProxy = AC0008566E5ABA5872C43C1BCEE4D172 /* PBXContainerItemProxy */;
		};
		EFF0E6615A121471223711E6FCD187DE /* PBXTargetDependency */ = {
			isa = PBXTargetDependency;
			name = CaptureKit;
			target = 45AF271E0E9ADBC3B8F3769E0F2FC243 /* CaptureKit */;
			targetProxy = 4694E598F47CB1B4974E8EE1B4DC9DD1 /* PBXContainerItemProxy */;
		};
/* End PBXTargetDependency section */

/* Begin XCBuildConfiguration section */
		2FA500DBE9F71993E940D92B8A3D9E6E /* Debug */ = {
			isa = XCBuildConfiguration;
			buildSettings = {
				BUILD_LIBRARY_FOR_DISTRIBUTION = NO;
				CLANG_ENABLE_OBJC_WEAK = NO;
				CODE_SIGN_STYLE = Automatic;
				CURRENT_PROJECT_VERSION = 1;
				DEFINES_MODULE = YES;
				DYLIB_COMPATIBILITY_VERSION = 1;
				DYLIB_CURRENT_VERSION = 1;
				DYLIB_INSTALL_NAME_BASE = "@rpath";
				ENABLE_TESTABILITY = YES;
				ENABLE_USER_SCRIPT_SANDBOXING = YES;
				GENERATE_INFOPLIST_FILE = YES;
				INSTALL_PATH = "$(LOCAL_LIBRARY_DIR)/Frameworks";
				IPHONEOS_DEPLOYMENT_TARGET = 18.0;
				LD_RUNPATH_SEARCH_PATHS = (
					"$(inherited)",
					"@executable_path/Frameworks",
					"@loader_path/Frameworks",
				);
				MARKETING_VERSION = 0.1;
				PRODUCT_BUNDLE_IDENTIFIER = cloud.patina.field.capturekit;
				PRODUCT_NAME = CaptureKit;
				SDKROOT = iphoneos;
				SKIP_INSTALL = YES;
				SUPPORTED_PLATFORMS = "iphoneos iphonesimulator";
				SWIFT_EMIT_LOC_STRINGS = YES;
				SWIFT_VERSION = 5.0;
				TARGETED_DEVICE_FAMILY = "1,2";
				VERSIONING_SYSTEM = "apple-generic";
				VERSION_INFO_PREFIX = "";
			};
			name = Debug;
		};
		3A26D4ABF917FD8941964CEA291A5894 /* Release */ = {
			isa = XCBuildConfiguration;
			buildSettings = {
				CLANG_ENABLE_OBJC_WEAK = NO;
				CODE_SIGN_STYLE = Automatic;
				ENABLE_TESTABILITY = NO;
				ENABLE_USER_SCRIPT_SANDBOXING = YES;
				GENERATE_INFOPLIST_FILE = YES;
				IPHONEOS_DEPLOYMENT_TARGET = 18.0;
				PRODUCT_BUNDLE_IDENTIFIER = cloud.patina.field.tests;
				SDKROOT = iphoneos;
				SUPPORTED_PLATFORMS = "iphoneos iphonesimulator";
				SWIFT_EMIT_LOC_STRINGS = YES;
				SWIFT_VERSION = 5.0;
				TARGETED_DEVICE_FAMILY = "1,2";
				VALIDATE_PRODUCT = YES;
			};
			name = Release;
		};
		82EB69B13D113C59057AB7108CE31A82 /* Release */ = {
			isa = XCBuildConfiguration;
			buildSettings = {
				ASSETCATALOG_COMPILER_APPICON_NAME = AppIcon;
				ASSETCATALOG_COMPILER_GLOBAL_ACCENT_COLOR_NAME = AccentColor;
				CLANG_ENABLE_OBJC_WEAK = NO;
				CODE_SIGN_ENTITLEMENTS = Capture/Capture.entitlements;
				CODE_SIGN_STYLE = Automatic;
				CURRENT_PROJECT_VERSION = 1;
				ENABLE_TESTABILITY = NO;
				ENABLE_USER_SCRIPT_SANDBOXING = YES;
				GENERATE_INFOPLIST_FILE = YES;
				INFOPLIST_FILE = Capture/Info.plist;
				INFOPLIST_KEY_CFBundleDisplayName = "Patina Field";
				INFOPLIST_KEY_NSCameraUsageDescription = "Patina Field uses the camera to photograph products and read their labels, barcodes, and dimensions.";
				INFOPLIST_KEY_NSFaceIDUsageDescription = "Unlock Patina Field with Face ID.";
				INFOPLIST_KEY_NSLocationWhenInUseUsageDescription = "Stamps each capture with the venue where you found it.";
				INFOPLIST_KEY_NSMicrophoneUsageDescription = "Used to record a quick voice note about a piece.";
				INFOPLIST_KEY_NSMotionUsageDescription = "Shows a level guide for square, steady captures.";
				INFOPLIST_KEY_NSPhotoLibraryAddUsageDescription = "Saves captures to your photo library.";
				INFOPLIST_KEY_NSPhotoLibraryUsageDescription = "Import existing photos into a capture when the camera is unavailable.";
				INFOPLIST_KEY_NSSpeechRecognitionUsageDescription = "Transcribes your voice notes on-device.";
				INFOPLIST_KEY_UIApplicationSceneManifest_Generation = YES;
				INFOPLIST_KEY_UILaunchScreen_Generation = YES;
				INFOPLIST_KEY_UISupportedInterfaceOrientations = UIInterfaceOrientationPortrait;
				IPHONEOS_DEPLOYMENT_TARGET = 18.0;
				LD_RUNPATH_SEARCH_PATHS = (
					"$(inherited)",
					"@executable_path/Frameworks",
				);
				MARKETING_VERSION = 0.1;
				PRODUCT_BUNDLE_IDENTIFIER = cloud.patina.field;
				PRODUCT_NAME = Capture;
				SDKROOT = iphoneos;
				SUPPORTED_PLATFORMS = "iphoneos iphonesimulator";
				SWIFT_EMIT_LOC_STRINGS = YES;
				SWIFT_VERSION = 5.0;
				TARGETED_DEVICE_FAMILY = "1,2";
				VALIDATE_PRODUCT = YES;
			};
			name = Release;
		};
		8B386D032BF716BF85B2F0F80F9B8085 /* Debug */ = {
			isa = XCBuildConfiguration;
			buildSettings = {
				ASSETCATALOG_COMPILER_APPICON_NAME = AppIcon;
				ASSETCATALOG_COMPILER_GLOBAL_ACCENT_COLOR_NAME = AccentColor;
				CLANG_ENABLE_OBJC_WEAK = NO;
				CODE_SIGN_ENTITLEMENTS = Capture/Capture.entitlements;
				CODE_SIGN_STYLE = Automatic;
				CURRENT_PROJECT_VERSION = 1;
				ENABLE_TESTABILITY = YES;
				ENABLE_USER_SCRIPT_SANDBOXING = YES;
				GENERATE_INFOPLIST_FILE = YES;
				INFOPLIST_FILE = Capture/Info.plist;
				INFOPLIST_KEY_CFBundleDisplayName = "Patina Field";
				INFOPLIST_KEY_NSCameraUsageDescription = "Patina Field uses the camera to photograph products and read their labels, barcodes, and dimensions.";
				INFOPLIST_KEY_NSFaceIDUsageDescription = "Unlock Patina Field with Face ID.";
				INFOPLIST_KEY_NSLocationWhenInUseUsageDescription = "Stamps each capture with the venue where you found it.";
				INFOPLIST_KEY_NSMicrophoneUsageDescription = "Used to record a quick voice note about a piece.";
				INFOPLIST_KEY_NSMotionUsageDescription = "Shows a level guide for square, steady captures.";
				INFOPLIST_KEY_NSPhotoLibraryAddUsageDescription = "Saves captures to your photo library.";
				INFOPLIST_KEY_NSPhotoLibraryUsageDescription = "Import existing photos into a capture when the camera is unavailable.";
				INFOPLIST_KEY_NSSpeechRecognitionUsageDescription = "Transcribes your voice notes on-device.";
				INFOPLIST_KEY_UIApplicationSceneManifest_Generation = YES;
				INFOPLIST_KEY_UILaunchScreen_Generation = YES;
				INFOPLIST_KEY_UISupportedInterfaceOrientations = UIInterfaceOrientationPortrait;
				IPHONEOS_DEPLOYMENT_TARGET = 18.0;
				LD_RUNPATH_SEARCH_PATHS = (
					"$(inherited)",
					"@executable_path/Frameworks",
				);
				MARKETING_VERSION = 0.1;
				PRODUCT_BUNDLE_IDENTIFIER = cloud.patina.field;
				PRODUCT_NAME = Capture;
				SDKROOT = iphoneos;
				SUPPORTED_PLATFORMS = "iphoneos iphonesimulator";
				SWIFT_EMIT_LOC_STRINGS = YES;
				SWIFT_VERSION = 5.0;
				TARGETED_DEVICE_FAMILY = "1,2";
			};
			name = Debug;
		};
		BD3AF8D2AC75FC2DC3220C13DA97FCAC /* Debug */ = {
			isa = XCBuildConfiguration;
			buildSettings = {
				CLANG_ENABLE_OBJC_WEAK = NO;
				CODE_SIGN_STYLE = Automatic;
				ENABLE_TESTABILITY = YES;
				ENABLE_USER_SCRIPT_SANDBOXING = YES;
				GENERATE_INFOPLIST_FILE = YES;
				IPHONEOS_DEPLOYMENT_TARGET = 18.0;
				PRODUCT_BUNDLE_IDENTIFIER = cloud.patina.field.tests;
				SDKROOT = iphoneos;
				SUPPORTED_PLATFORMS = "iphoneos iphonesimulator";
				SWIFT_EMIT_LOC_STRINGS = YES;
				SWIFT_VERSION = 5.0;
				TARGETED_DEVICE_FAMILY = "1,2";
			};
			name = Debug;
		};
		D372045A0003EA9EEA98C9FB99769AEE /* Release */ = {
			isa = XCBuildConfiguration;
			buildSettings = {
				BUILD_LIBRARY_FOR_DISTRIBUTION = NO;
				CLANG_ENABLE_OBJC_WEAK = NO;
				CODE_SIGN_STYLE = Automatic;
				CURRENT_PROJECT_VERSION = 1;
				DEFINES_MODULE = YES;
				DYLIB_COMPATIBILITY_VERSION = 1;
				DYLIB_CURRENT_VERSION = 1;
				DYLIB_INSTALL_NAME_BASE = "@rpath";
				ENABLE_TESTABILITY = NO;
				ENABLE_USER_SCRIPT_SANDBOXING = YES;
				GENERATE_INFOPLIST_FILE = YES;
				INSTALL_PATH = "$(LOCAL_LIBRARY_DIR)/Frameworks";
				IPHONEOS_DEPLOYMENT_TARGET = 18.0;
				LD_RUNPATH_SEARCH_PATHS = (
					"$(inherited)",
					"@executable_path/Frameworks",
					"@loader_path/Frameworks",
				);
				MARKETING_VERSION = 0.1;
				PRODUCT_BUNDLE_IDENTIFIER = cloud.patina.field.capturekit;
				PRODUCT_NAME = CaptureKit;
				SDKROOT = iphoneos;
				SKIP_INSTALL = YES;
				SUPPORTED_PLATFORMS = "iphoneos iphonesimulator";
				SWIFT_EMIT_LOC_STRINGS = YES;
				SWIFT_VERSION = 5.0;
				TARGETED_DEVICE_FAMILY = "1,2";
				VALIDATE_PRODUCT = YES;
				VERSIONING_SYSTEM = "apple-generic";
				VERSION_INFO_PREFIX = "";
			};
			name = Release;
		};
		D686928EF7D979F2CEC05E6C1B3A70DD /* Release */ = {
			isa = XCBuildConfiguration;
			buildSettings = {
				ALWAYS_SEARCH_USER_PATHS = NO;
				CLANG_ANALYZER_NONNULL = YES;
				CLANG_ANALYZER_NUMBER_OBJECT_CONVERSION = YES_AGGRESSIVE;
				CLANG_CXX_LANGUAGE_STANDARD = "gnu++14";
				CLANG_CXX_LIBRARY = "libc++";
				CLANG_ENABLE_MODULES = YES;
				CLANG_ENABLE_OBJC_ARC = YES;
				CLANG_ENABLE_OBJC_WEAK = YES;
				CLANG_WARN_BLOCK_CAPTURE_AUTORELEASING = YES;
				CLANG_WARN_BOOL_CONVERSION = YES;
				CLANG_WARN_COMMA = YES;
				CLANG_WARN_CONSTANT_CONVERSION = YES;
				CLANG_WARN_DEPRECATED_OBJC_IMPLEMENTATIONS = YES;
				CLANG_WARN_DIRECT_OBJC_ISA_USAGE = YES_ERROR;
				CLANG_WARN_DOCUMENTATION_COMMENTS = YES;
				CLANG_WARN_EMPTY_BODY = YES;
				CLANG_WARN_ENUM_CONVERSION = YES;
				CLANG_WARN_INFINITE_RECURSION = YES;
				CLANG_WARN_INT_CONVERSION = YES;
				CLANG_WARN_NON_LITERAL_NULL_CONVERSION = YES;
				CLANG_WARN_OBJC_IMPLICIT_RETAIN_SELF = YES;
				CLANG_WARN_OBJC_LITERAL_CONVERSION = YES;
				CLANG_WARN_OBJC_ROOT_CLASS = YES_ERROR;
				CLANG_WARN_QUOTED_INCLUDE_IN_FRAMEWORK_HEADER = YES;
				CLANG_WARN_RANGE_LOOP_ANALYSIS = YES;
				CLANG_WARN_STRICT_PROTOTYPES = YES;
				CLANG_WARN_SUSPICIOUS_MOVE = YES;
				CLANG_WARN_UNGUARDED_AVAILABILITY = YES_AGGRESSIVE;
				CLANG_WARN_UNREACHABLE_CODE = YES;
				CLANG_WARN__DUPLICATE_METHOD_MATCH = YES;
				COPY_PHASE_STRIP = NO;
				DEBUG_INFORMATION_FORMAT = "dwarf-with-dsym";
				ENABLE_NS_ASSERTIONS = NO;
				ENABLE_STRICT_OBJC_MSGSEND = YES;
				GCC_C_LANGUAGE_STANDARD = gnu11;
				GCC_NO_COMMON_BLOCKS = YES;
				GCC_WARN_64_TO_32_BIT_CONVERSION = YES;
				GCC_WARN_ABOUT_RETURN_TYPE = YES_ERROR;
				GCC_WARN_UNDECLARED_SELECTOR = YES;
				GCC_WARN_UNINITIALIZED_AUTOS = YES_AGGRESSIVE;
				GCC_WARN_UNUSED_FUNCTION = YES;
				GCC_WARN_UNUSED_VARIABLE = YES;
				MTL_ENABLE_DEBUG_INFO = NO;
				MTL_FAST_MATH = YES;
				PRODUCT_NAME = "$(TARGET_NAME)";
				SWIFT_COMPILATION_MODE = wholemodule;
				SWIFT_OPTIMIZATION_LEVEL = "-O";
				SWIFT_VERSION = 5.0;
			};
			name = Release;
		};
		DCE488FDA80DD614450C096F09E69DC7 /* Debug */ = {
			isa = XCBuildConfiguration;
			buildSettings = {
				BUILD_LIBRARY_FOR_DISTRIBUTION = NO;
				CLANG_ENABLE_OBJC_WEAK = NO;
				CODE_SIGN_STYLE = Automatic;
				CURRENT_PROJECT_VERSION = 1;
				DEFINES_MODULE = YES;
				DYLIB_COMPATIBILITY_VERSION = 1;
				DYLIB_CURRENT_VERSION = 1;
				DYLIB_INSTALL_NAME_BASE = "@rpath";
				ENABLE_TESTABILITY = YES;
				ENABLE_USER_SCRIPT_SANDBOXING = YES;
				GENERATE_INFOPLIST_FILE = YES;
				INSTALL_PATH = "$(LOCAL_LIBRARY_DIR)/Frameworks";
				IPHONEOS_DEPLOYMENT_TARGET = 18.0;
				LD_RUNPATH_SEARCH_PATHS = (
					"$(inherited)",
					"@executable_path/Frameworks",
					"@loader_path/Frameworks",
				);
				MARKETING_VERSION = 0.1;
				PRODUCT_BUNDLE_IDENTIFIER = cloud.patina.field.capturekitmocks;
				PRODUCT_NAME = CaptureKitMocks;
				SDKROOT = iphoneos;
				SKIP_INSTALL = YES;
				SUPPORTED_PLATFORMS = "iphoneos iphonesimulator";
				SWIFT_EMIT_LOC_STRINGS = YES;
				SWIFT_VERSION = 5.0;
				TARGETED_DEVICE_FAMILY = "1,2";
				VERSIONING_SYSTEM = "apple-generic";
				VERSION_INFO_PREFIX = "";
			};
			name = Debug;
		};
		E33AF40D2DD4791DE398CA4416AF1472 /* Release */ = {
			isa = XCBuildConfiguration;
			buildSettings = {
				BUILD_LIBRARY_FOR_DISTRIBUTION = NO;
				CLANG_ENABLE_OBJC_WEAK = NO;
				CODE_SIGN_STYLE = Automatic;
				CURRENT_PROJECT_VERSION = 1;
				DEFINES_MODULE = YES;
				DYLIB_COMPATIBILITY_VERSION = 1;
				DYLIB_CURRENT_VERSION = 1;
				DYLIB_INSTALL_NAME_BASE = "@rpath";
				ENABLE_TESTABILITY = NO;
				ENABLE_USER_SCRIPT_SANDBOXING = YES;
				GENERATE_INFOPLIST_FILE = YES;
				INSTALL_PATH = "$(LOCAL_LIBRARY_DIR)/Frameworks";
				IPHONEOS_DEPLOYMENT_TARGET = 18.0;
				LD_RUNPATH_SEARCH_PATHS = (
					"$(inherited)",
					"@executable_path/Frameworks",
					"@loader_path/Frameworks",
				);
				MARKETING_VERSION = 0.1;
				PRODUCT_BUNDLE_IDENTIFIER = cloud.patina.field.capturekitmocks;
				PRODUCT_NAME = CaptureKitMocks;
				SDKROOT = iphoneos;
				SKIP_INSTALL = YES;
				SUPPORTED_PLATFORMS = "iphoneos iphonesimulator";
				SWIFT_EMIT_LOC_STRINGS = YES;
				SWIFT_VERSION = 5.0;
				TARGETED_DEVICE_FAMILY = "1,2";
				VALIDATE_PRODUCT = YES;
				VERSIONING_SYSTEM = "apple-generic";
				VERSION_INFO_PREFIX = "";
			};
			name = Release;
		};
		F936CFFFE25B4E0DD1F254AEA3E7C505 /* Debug */ = {
			isa = XCBuildConfiguration;
			buildSettings = {
				ALWAYS_SEARCH_USER_PATHS = NO;
				CLANG_ANALYZER_NONNULL = YES;
				CLANG_ANALYZER_NUMBER_OBJECT_CONVERSION = YES_AGGRESSIVE;
				CLANG_CXX_LANGUAGE_STANDARD = "gnu++14";
				CLANG_CXX_LIBRARY = "libc++";
				CLANG_ENABLE_MODULES = YES;
				CLANG_ENABLE_OBJC_ARC = YES;
				CLANG_ENABLE_OBJC_WEAK = YES;
				CLANG_WARN_BLOCK_CAPTURE_AUTORELEASING = YES;
				CLANG_WARN_BOOL_CONVERSION = YES;
				CLANG_WARN_COMMA = YES;
				CLANG_WARN_CONSTANT_CONVERSION = YES;
				CLANG_WARN_DEPRECATED_OBJC_IMPLEMENTATIONS = YES;
				CLANG_WARN_DIRECT_OBJC_ISA_USAGE = YES_ERROR;
				CLANG_WARN_DOCUMENTATION_COMMENTS = YES;
				CLANG_WARN_EMPTY_BODY = YES;
				CLANG_WARN_ENUM_CONVERSION = YES;
				CLANG_WARN_INFINITE_RECURSION = YES;
				CLANG_WARN_INT_CONVERSION = YES;
				CLANG_WARN_NON_LITERAL_NULL_CONVERSION = YES;
				CLANG_WARN_OBJC_IMPLICIT_RETAIN_SELF = YES;
				CLANG_WARN_OBJC_LITERAL_CONVERSION = YES;
				CLANG_WARN_OBJC_ROOT_CLASS = YES_ERROR;
				CLANG_WARN_QUOTED_INCLUDE_IN_FRAMEWORK_HEADER = YES;
				CLANG_WARN_RANGE_LOOP_ANALYSIS = YES;
				CLANG_WARN_STRICT_PROTOTYPES = YES;
				CLANG_WARN_SUSPICIOUS_MOVE = YES;
				CLANG_WARN_UNGUARDED_AVAILABILITY = YES_AGGRESSIVE;
				CLANG_WARN_UNREACHABLE_CODE = YES;
				CLANG_WARN__DUPLICATE_METHOD_MATCH = YES;
				COPY_PHASE_STRIP = NO;
				DEBUG_INFORMATION_FORMAT = dwarf;
				ENABLE_STRICT_OBJC_MSGSEND = YES;
				ENABLE_TESTABILITY = YES;
				GCC_C_LANGUAGE_STANDARD = gnu11;
				GCC_DYNAMIC_NO_PIC = NO;
				GCC_NO_COMMON_BLOCKS = YES;
				GCC_OPTIMIZATION_LEVEL = 0;
				GCC_PREPROCESSOR_DEFINITIONS = (
					"DEBUG=1",
					"$(inherited)",
				);
				GCC_WARN_64_TO_32_BIT_CONVERSION = YES;
				GCC_WARN_ABOUT_RETURN_TYPE = YES_ERROR;
				GCC_WARN_UNDECLARED_SELECTOR = YES;
				GCC_WARN_UNINITIALIZED_AUTOS = YES_AGGRESSIVE;
				GCC_WARN_UNUSED_FUNCTION = YES;
				GCC_WARN_UNUSED_VARIABLE = YES;
				MTL_ENABLE_DEBUG_INFO = INCLUDE_SOURCE;
				MTL_FAST_MATH = YES;
				ONLY_ACTIVE_ARCH = YES;
				PRODUCT_NAME = "$(TARGET_NAME)";
				SWIFT_ACTIVE_COMPILATION_CONDITIONS = DEBUG;
				SWIFT_OPTIMIZATION_LEVEL = "-Onone";
				SWIFT_VERSION = 5.0;
			};
			name = Debug;
		};
/* End XCBuildConfiguration section */

/* Begin XCConfigurationList section */
		5B890C9E8963507D946C6DE3128C7EF5 /* Build configuration list for PBXProject "Capture" */ = {
			isa = XCConfigurationList;
			buildConfigurations = (
				F936CFFFE25B4E0DD1F254AEA3E7C505 /* Debug */,
				D686928EF7D979F2CEC05E6C1B3A70DD /* Release */,
			);
			defaultConfigurationIsVisible = 0;
			defaultConfigurationName = Release;
		};
		A873306C53E0F53D610FBCE453473034 /* Build configuration list for PBXNativeTarget "CaptureKit" */ = {
			isa = XCConfigurationList;
			buildConfigurations = (
				D372045A0003EA9EEA98C9FB99769AEE /* Release */,
				2FA500DBE9F71993E940D92B8A3D9E6E /* Debug */,
			);
			defaultConfigurationIsVisible = 0;
			defaultConfigurationName = Release;
		};
		AC94241CD5040DB9FCC5DB38C46C961B /* Build configuration list for PBXNativeTarget "CaptureTests" */ = {
			isa = XCConfigurationList;
			buildConfigurations = (
				3A26D4ABF917FD8941964CEA291A5894 /* Release */,
				BD3AF8D2AC75FC2DC3220C13DA97FCAC /* Debug */,
			);
			defaultConfigurationIsVisible = 0;
			defaultConfigurationName = Release;
		};
		B6440EEDF90A0B4D36EBA04CDD982E5A /* Build configuration list for PBXNativeTarget "Capture" */ = {
			isa = XCConfigurationList;
			buildConfigurations = (
				82EB69B13D113C59057AB7108CE31A82 /* Release */,
				8B386D032BF716BF85B2F0F80F9B8085 /* Debug */,
			);
			defaultConfigurationIsVisible = 0;
			defaultConfigurationName = Release;
		};
		F75AEB1328C2A56AE4AB572C5145374C /* Build configuration list for PBXNativeTarget "CaptureKitMocks" */ = {
			isa = XCConfigurationList;
			buildConfigurations = (
				E33AF40D2DD4791DE398CA4416AF1472 /* Release */,
				DCE488FDA80DD614450C096F09E69DC7 /* Debug */,
			);
			defaultConfigurationIsVisible = 0;
			defaultConfigurationName = Release;
		};
/* End XCConfigurationList section */

/* Begin XCRemoteSwiftPackageReference section */
		F5E3654F270BCD9EB32B2BE89200636D /* XCRemoteSwiftPackageReference "supabase-swift" */ = {
			isa = XCRemoteSwiftPackageReference;
			repositoryURL = "https://github.com/supabase/supabase-swift";
			requirement = {
				kind = upToNextMajorVersion;
				minimumVersion = 2.40.0;
			};
		};
		F699F624961F1F78A3C37DFE5B87941D /* XCRemoteSwiftPackageReference "posthog-ios" */ = {
			isa = XCRemoteSwiftPackageReference;
			repositoryURL = "https://github.com/PostHog/posthog-ios.git";
			requirement = {
				kind = upToNextMajorVersion;
				minimumVersion = 3.48.0;
			};
		};
/* End XCRemoteSwiftPackageReference section */

/* Begin XCSwiftPackageProductDependency section */
		05F3D42A893CE8FC83E984948212D554 /* PostHog */ = {
			isa = XCSwiftPackageProductDependency;
			package = F699F624961F1F78A3C37DFE5B87941D /* XCRemoteSwiftPackageReference "posthog-ios" */;
			productName = PostHog;
		};
		D177F4EB9D77089492B1F42CA79589B5 /* Supabase */ = {
			isa = XCSwiftPackageProductDependency;
			package = F5E3654F270BCD9EB32B2BE89200636D /* XCRemoteSwiftPackageReference "supabase-swift" */;
			productName = Supabase;
		};
/* End XCSwiftPackageProductDependency section */
	};
	rootObject = 6823E0650B8CD379EEA61A2DF523EE81 /* Project object */;
}
